{"format_version":"1.2","terraform_version":"1.12.2","variables":{"allowed_ssh_cidrs":{"value":["108.93.59.35"]},"app_port":{"value":3000},"aws_region":{"value":"us-east-1"},"domain_name":{"value":"git-commit-ai.com"},"environment":{"value":"production"},"health_check_interval":{"value":30},"health_check_path":{"value":"/health"},"health_check_timeout":{"value":5},"healthy_threshold":{"value":2},"instance_type":{"value":"t3.micro"},"project_name":{"value":"git-commit-ai"},"public_key":{"value":"ssh-ed25519 AAAAC3NzaC1lZDI1NTE5AAAAIGFVV9OiKY5TFYSa+zp1v1101ZC5c69FYuEB0bhoURmx joshzirena@gmail.com"},"public_subnet_cidrs":{"value":["10.0.1.0/24","10.0.2.0/24"]},"root_volume_size":{"value":20},"root_volume_type":{"value":"gp3"},"unhealthy_threshold":{"value":3},"vpc_cidr":{"value":"10.0.0.0/16"}},"planned_values":{"outputs":{"acm_certificate_arn":{"sensitive":false},"alb_arn":{"sensitive":false},"alb_dns_name":{"sensitive":false},"alb_security_group_id":{"sensitive":false},"alb_zone_id":{"sensitive":false},"application_url":{"sensitive":false,"type":"string","value":"https://git-commit-ai.com"},"cloudwatch_log_group_name":{"sensitive":false,"type":"string","value":"/aws/ec2/git-commit-ai"},"ec2_instance_id":{"sensitive":false},"ec2_private_ip":{"sensitive":false},"ec2_public_ip":{"sensitive":false},"ec2_security_group_id":{"sensitive":false},"estimated_monthly_cost":{"sensitive":false,"type":"string","value":"~$8-12 USD (t3.micro + ALB + data transfer)"},"internet_gateway_id":{"sensitive":false},"key_pair_name":{"sensitive":false,"type":"string","value":"git-commit-ai-key"},"public_subnet_ids":{"sensitive":false},"ssh_command":{"sensitive":false},"target_group_arn":{"sensitive":false},"vpc_id":{"sensitive":false}},"root_module":{"resources":[{"address":"aws_acm_certificate.main[0]","mode":"managed","type":"aws_acm_certificate","name":"main","index":0,"provider_name":"registry.terraform.io/hashicorp/aws","schema_version":0,"values":{"certificate_authority_arn":null,"certificate_body":null,"certificate_chain":null,"domain_name":"git-commit-ai.com","domain_validation_options":[{"domain_name":"*.git-commit-ai.com"},{"domain_name":"git-commit-ai.com"}],"early_renewal_duration":null,"private_key":null,"subject_alternative_names":["*.git-commit-ai.com","git-commit-ai.com"],"tags":{"Name":"git-commit-ai-certificate"},"tags_all":{"Environment":"production","ManagedBy":"terraform","Name":"git-commit-ai-certificate","Project":"git-commit-ai"},"validation_method":"DNS","validation_option":[]},"sensitive_values":{"domain_validation_options":[{},{}],"options":[],"private_key":true,"renewal_summary":[],"subject_alternative_names":[false,false],"tags":{},"tags_all":{},"validation_emails":[],"validation_option":[]}},{"address":"aws_acm_certificate_validation.main[0]","mode":"managed","type":"aws_acm_certificate_validation","name":"main","index":0,"provider_name":"registry.terraform.io/hashicorp/aws","schema_version":0,"values":{"timeouts":{"create":"5m"}},"sensitive_values":{"timeouts":{},"validation_record_fqdns":[]}},{"address":"aws_cloudwatch_dashboard.main","mode":"managed","type":"aws_cloudwatch_dashboard","name":"main","provider_name":"registry.terraform.io/hashicorp/aws","schema_version":0,"values":{"dashboard_name":"git-commit-ai-dashboard"},"sensitive_values":{}},{"address":"aws_cloudwatch_log_group.app","mode":"managed","type":"aws_cloudwatch_log_group","name":"app","provider_name":"registry.terraform.io/hashicorp/aws","schema_version":0,"values":{"kms_key_id":null,"name":"/aws/ec2/git-commit-ai","retention_in_days":30,"skip_destroy":false,"tags":{"Name":"git-commit-ai-log-group"},"tags_all":{"Environment":"production","ManagedBy":"terraform","Name":"git-commit-ai-log-group","Project":"git-commit-ai"}},"sensitive_values":{"tags":{},"tags_all":{}}},{"address":"aws_cloudwatch_metric_alarm.alb_unhealthy_targets","mode":"managed","type":"aws_cloudwatch_metric_alarm","name":"alb_unhealthy_targets","provider_name":"registry.terraform.io/hashicorp/aws","schema_version":1,"values":{"actions_enabled":true,"alarm_actions":null,"alarm_description":"This metric monitors ALB unhealthy targets","alarm_name":"git-commit-ai-alb-unhealthy-targets","comparison_operator":"GreaterThanThreshold","datapoints_to_alarm":null,"evaluation_periods":2,"extended_statistic":null,"insufficient_data_actions":null,"metric_name":"UnHealthyHostCount","metric_query":[],"namespace":"AWS/ApplicationELB","ok_actions":null,"period":120,"statistic":"Average","tags":{"Name":"git-commit-ai-alb-unhealthy-targets-alarm"},"tags_all":{"Environment":"production","ManagedBy":"terraform","Name":"git-commit-ai-alb-unhealthy-targets-alarm","Project":"git-commit-ai"},"threshold":0,"threshold_metric_id":null,"treat_missing_data":"missing","unit":null},"sensitive_values":{"dimensions":{},"metric_query":[],"tags":{},"tags_all":{}}},{"address":"aws_cloudwatch_metric_alarm.high_cpu","mode":"managed","type":"aws_cloudwatch_metric_alarm","name":"high_cpu","provider_name":"registry.terraform.io/hashicorp/aws","schema_version":1,"values":{"actions_enabled":true,"alarm_actions":null,"alarm_description":"This metric monitors ec2 cpu utilization","alarm_name":"git-commit-ai-high-cpu","comparison_operator":"GreaterThanThreshold","datapoints_to_alarm":null,"evaluation_periods":2,"extended_statistic":null,"insufficient_data_actions":null,"metric_name":"CPUUtilization","metric_query":[],"namespace":"AWS/EC2","ok_actions":null,"period":120,"statistic":"Average","tags":{"Name":"git-commit-ai-high-cpu-alarm"},"tags_all":{"Environment":"production","ManagedBy":"terraform","Name":"git-commit-ai-high-cpu-alarm","Project":"git-commit-ai"},"threshold":80,"threshold_metric_id":null,"treat_missing_data":"missing","unit":null},"sensitive_values":{"dimensions":{},"metric_query":[],"tags":{},"tags_all":{}}},{"address":"aws_cloudwatch_metric_alarm.instance_status_check","mode":"managed","type":"aws_cloudwatch_metric_alarm","name":"instance_status_check","provider_name":"registry.terraform.io/hashicorp/aws","schema_version":1,"values":{"actions_enabled":true,"alarm_actions":null,"alarm_description":"This metric monitors ec2 instance status check","alarm_name":"git-commit-ai-instance-status-check","comparison_operator":"GreaterThanThreshold","datapoints_to_alarm":null,"evaluation_periods":2,"extended_statistic":null,"insufficient_data_actions":null,"metric_name":"StatusCheckFailed_Instance","metric_query":[],"namespace":"AWS/EC2","ok_actions":null,"period":120,"statistic":"Maximum","tags":{"Name":"git-commit-ai-instance-status-alarm"},"tags_all":{"Environment":"production","ManagedBy":"terraform","Name":"git-commit-ai-instance-status-alarm","Project":"git-commit-ai"},"threshold":0,"threshold_metric_id":null,"treat_missing_data":"missing","unit":null},"sensitive_values":{"dimensions":{},"metric_query":[],"tags":{},"tags_all":{}}},{"address":"aws_cloudwatch_metric_alarm.system_status_check","mode":"managed","type":"aws_cloudwatch_metric_alarm","name":"system_status_check","provider_name":"registry.terraform.io/hashicorp/aws","schema_version":1,"values":{"actions_enabled":true,"alarm_actions":null,"alarm_description":"This metric monitors ec2 system status check","alarm_name":"git-commit-ai-system-status-check","comparison_operator":"GreaterThanThreshold","datapoints_to_alarm":null,"evaluation_periods":2,"extended_statistic":null,"insufficient_data_actions":null,"metric_name":"StatusCheckFailed_System","metric_query":[],"namespace":"AWS/EC2","ok_actions":null,"period":120,"statistic":"Maximum","tags":{"Name":"git-commit-ai-system-status-alarm"},"tags_all":{"Environment":"production","ManagedBy":"terraform","Name":"git-commit-ai-system-status-alarm","Project":"git-commit-ai"},"threshold":0,"threshold_metric_id":null,"treat_missing_data":"missing","unit":null},"sensitive_values":{"dimensions":{},"metric_query":[],"tags":{},"tags_all":{}}},{"address":"aws_eip.app","mode":"managed","type":"aws_eip","name":"app","provider_name":"registry.terraform.io/hashicorp/aws","schema_version":0,"values":{"address":null,"associate_with_private_ip":null,"customer_owned_ipv4_pool":null,"domain":"vpc","tags":{"Name":"git-commit-ai-app-eip"},"tags_all":{"Environment":"production","ManagedBy":"terraform","Name":"git-commit-ai-app-eip","Project":"git-commit-ai"},"timeouts":null},"sensitive_values":{"tags":{},"tags_all":{}}},{"address":"aws_instance.app","mode":"managed","type":"aws_instance","name":"app","provider_name":"registry.terraform.io/hashicorp/aws","schema_version":1,"values":{"ami":"ami-05ec1e5f7cfe5ef59","credit_specification":[{"cpu_credits":"standard"}],"get_password_data":false,"hibernation":null,"instance_type":"t3.micro","key_name":"git-commit-ai-key","launch_template":[],"metadata_options":[{"http_endpoint":"enabled","http_protocol_ipv6":"disabled","http_put_response_hop_limit":2,"http_tokens":"required"}],"monitoring":true,"root_block_device":[{"delete_on_termination":true,"encrypted":true,"tags":{"Name":"git-commit-ai-root-volume"},"volume_size":20,"volume_type":"gp3"}],"source_dest_check":true,"tags":{"Name":"git-commit-ai-app-instance"},"tags_all":{"Environment":"production","ManagedBy":"terraform","Name":"git-commit-ai-app-instance","Project":"git-commit-ai"},"timeouts":null,"user_data":"baf46516b1a0f79ca0fabf36f1da6a3d32c0a99d","user_data_replace_on_change":false,"volume_tags":null},"sensitive_values":{"capacity_reservation_specification":[],"cpu_options":[],"credit_specification":[{}],"ebs_block_device":[],"enclave_options":[],"ephemeral_block_device":[],"instance_market_options":[],"ipv6_addresses":[],"launch_template":[],"maintenance_options":[],"metadata_options":[{}],"network_interface":[],"private_dns_name_options":[],"root_block_device":[{"tags":{},"tags_all":{}}],"secondary_private_ips":[],"security_groups":[],"tags":{},"tags_all":{},"vpc_security_group_ids":[]}},{"address":"aws_internet_gateway.main","mode":"managed","type":"aws_internet_gateway","name":"main","provider_name":"registry.terraform.io/hashicorp/aws","schema_version":0,"values":{"tags":{"Name":"git-commit-ai-igw"},"tags_all":{"Environment":"production","ManagedBy":"terraform","Name":"git-commit-ai-igw","Project":"git-commit-ai"},"timeouts":null},"sensitive_values":{"tags":{},"tags_all":{}}},{"address":"aws_key_pair.app_key","mode":"managed","type":"aws_key_pair","name":"app_key","provider_name":"registry.terraform.io/hashicorp/aws","schema_version":1,"values":{"key_name":"git-commit-ai-key","public_key":"ssh-ed25519 AAAAC3NzaC1lZDI1NTE5AAAAIGFVV9OiKY5TFYSa+zp1v1101ZC5c69FYuEB0bhoURmx joshzirena@gmail.com","tags":null,"tags_all":{"Environment":"production","ManagedBy":"terraform","Project":"git-commit-ai"}},"sensitive_values":{"tags_all":{}}},{"address":"aws_lb.main","mode":"managed","type":"aws_lb","name":"main","provider_name":"registry.terraform.io/hashicorp/aws","schema_version":0,"values":{"access_logs":[],"client_keep_alive":3600,"connection_logs":[],"customer_owned_ipv4_pool":null,"desync_mitigation_mode":"defensive","dns_record_client_routing_policy":null,"drop_invalid_header_fields":false,"enable_cross_zone_load_balancing":null,"enable_deletion_protection":false,"enable_http2":true,"enable_tls_version_and_cipher_suite_headers":false,"enable_waf_fail_open":false,"enable_xff_client_port":false,"enable_zonal_shift":false,"idle_timeout":60,"internal":false,"ipam_pools":[],"load_balancer_type":"application","minimum_load_balancer_capacity":[],"name":"git-commit-ai-alb","preserve_host_header":false,"tags":{"Name":"git-commit-ai-alb"},"tags_all":{"Environment":"production","ManagedBy":"terraform","Name":"git-commit-ai-alb","Project":"git-commit-ai"},"timeouts":null,"xff_header_processing_mode":"append"},"sensitive_values":{"access_logs":[],"connection_logs":[],"ipam_pools":[],"minimum_load_balancer_capacity":[],"security_groups":[],"subnet_mapping":[],"subnets":[],"tags":{},"tags_all":{}}},{"address":"aws_lb_listener.http","mode":"managed","type":"aws_lb_listener","name":"http","provider_name":"registry.terraform.io/hashicorp/aws","schema_version":0,"values":{"alpn_policy":null,"certificate_arn":null,"default_action":[{"authenticate_cognito":[],"authenticate_oidc":[],"fixed_response":[],"forward":[],"redirect":[{"host":"#{host}","path":"/#{path}","port":"443","protocol":"HTTPS","query":"#{query}","status_code":"HTTP_301"}],"target_group_arn":null,"type":"redirect"}],"port":80,"protocol":"HTTP","tags":null,"tags_all":{"Environment":"production","ManagedBy":"terraform","Project":"git-commit-ai"},"timeouts":null},"sensitive_values":{"default_action":[{"authenticate_cognito":[],"authenticate_oidc":[],"fixed_response":[],"forward":[],"redirect":[{}]}],"mutual_authentication":[],"tags_all":{}}},{"address":"aws_lb_listener.https[0]","mode":"managed","type":"aws_lb_listener","name":"https","index":0,"provider_name":"registry.terraform.io/hashicorp/aws","schema_version":0,"values":{"alpn_policy":null,"default_action":[{"authenticate_cognito":[],"authenticate_oidc":[],"fixed_response":[],"forward":[],"redirect":[],"type":"forward"}],"port":443,"protocol":"HTTPS","ssl_policy":"ELBSecurityPolicy-TLS-1-2-2017-01","tags":null,"tags_all":{"Environment":"production","ManagedBy":"terraform","Project":"git-commit-ai"},"timeouts":null},"sensitive_values":{"default_action":[{"authenticate_cognito":[],"authenticate_oidc":[],"fixed_response":[],"forward":[],"redirect":[]}],"mutual_authentication":[],"tags_all":{}}},{"address":"aws_lb_target_group.app","mode":"managed","type":"aws_lb_target_group","name":"app","provider_name":"registry.terraform.io/hashicorp/aws","schema_version":0,"values":{"deregistration_delay":"300","health_check":[{"enabled":true,"healthy_threshold":2,"interval":30,"matcher":"200","path":"/health","port":"traffic-port","protocol":"HTTP","timeout":5,"unhealthy_threshold":3}],"lambda_multi_value_headers_enabled":false,"name":"git-commit-ai-tg","port":3000,"protocol":"HTTP","proxy_protocol_v2":false,"slow_start":0,"tags":{"Name":"git-commit-ai-tg"},"tags_all":{"Environment":"production","ManagedBy":"terraform","Name":"git-commit-ai-tg","Project":"git-commit-ai"},"target_type":"instance"},"sensitive_values":{"health_check":[{}],"load_balancer_arns":[],"stickiness":[],"tags":{},"tags_all":{},"target_failover":[],"target_group_health":[],"target_health_state":[]}},{"address":"aws_lb_target_group_attachment.app","mode":"managed","type":"aws_lb_target_group_attachment","name":"app","provider_name":"registry.terraform.io/hashicorp/aws","schema_version":0,"values":{"availability_zone":null,"port":3000},"sensitive_values":{}},{"address":"aws_route53_record.acm_validation[\"*.git-commit-ai.com\"]","mode":"managed","type":"aws_route53_record","name":"acm_validation","index":"*.git-commit-ai.com","provider_name":"registry.terraform.io/hashicorp/aws","schema_version":2,"values":{"alias":[],"allow_overwrite":true,"cidr_routing_policy":[],"failover_routing_policy":[],"geolocation_routing_policy":[],"geoproximity_routing_policy":[],"health_check_id":null,"latency_routing_policy":[],"multivalue_answer_routing_policy":null,"set_identifier":null,"timeouts":null,"ttl":60,"weighted_routing_policy":[],"zone_id":"Z0971529MNSHPHNVADU9"},"sensitive_values":{"alias":[],"cidr_routing_policy":[],"failover_routing_policy":[],"geolocation_routing_policy":[],"geoproximity_routing_policy":[],"latency_routing_policy":[],"records":[],"weighted_routing_policy":[]}},{"address":"aws_route53_record.acm_validation[\"git-commit-ai.com\"]","mode":"managed","type":"aws_route53_record","name":"acm_validation","index":"git-commit-ai.com","provider_name":"registry.terraform.io/hashicorp/aws","schema_version":2,"values":{"alias":[],"allow_overwrite":true,"cidr_routing_policy":[],"failover_routing_policy":[],"geolocation_routing_policy":[],"geoproximity_routing_policy":[],"health_check_id":null,"latency_routing_policy":[],"multivalue_answer_routing_policy":null,"set_identifier":null,"timeouts":null,"ttl":60,"weighted_routing_policy":[],"zone_id":"Z0971529MNSHPHNVADU9"},"sensitive_values":{"alias":[],"cidr_routing_policy":[],"failover_routing_policy":[],"geolocation_routing_policy":[],"geoproximity_routing_policy":[],"latency_routing_policy":[],"records":[],"weighted_routing_policy":[]}},{"address":"aws_route53_record.app[0]","mode":"managed","type":"aws_route53_record","name":"app","index":0,"provider_name":"registry.terraform.io/hashicorp/aws","schema_version":2,"values":{"alias":[{"evaluate_target_health":true}],"cidr_routing_policy":[],"failover_routing_policy":[],"geolocation_routing_policy":[],"geoproximity_routing_policy":[],"health_check_id":null,"latency_routing_policy":[],"multivalue_answer_routing_policy":null,"name":"git-commit-ai.com","records":null,"set_identifier":null,"timeouts":null,"ttl":null,"type":"A","weighted_routing_policy":[],"zone_id":"Z0971529MNSHPHNVADU9"},"sensitive_values":{"alias":[{}],"cidr_routing_policy":[],"failover_routing_policy":[],"geolocation_routing_policy":[],"geoproximity_routing_policy":[],"latency_routing_policy":[],"weighted_routing_policy":[]}},{"address":"aws_route53_record.app_ipv6[0]","mode":"managed","type":"aws_route53_record","name":"app_ipv6","index":0,"provider_name":"registry.terraform.io/hashicorp/aws","schema_version":2,"values":{"alias":[{"evaluate_target_health":true}],"cidr_routing_policy":[],"failover_routing_policy":[],"geolocation_routing_policy":[],"geoproximity_routing_policy":[],"health_check_id":null,"latency_routing_policy":[],"multivalue_answer_routing_policy":null,"name":"git-commit-ai.com","records":null,"set_identifier":null,"timeouts":null,"ttl":null,"type":"AAAA","weighted_routing_policy":[],"zone_id":"Z0971529MNSHPHNVADU9"},"sensitive_values":{"alias":[{}],"cidr_routing_policy":[],"failover_routing_policy":[],"geolocation_routing_policy":[],"geoproximity_routing_policy":[],"latency_routing_policy":[],"weighted_routing_policy":[]}},{"address":"aws_route_table.public","mode":"managed","type":"aws_route_table","name":"public","provider_name":"registry.terraform.io/hashicorp/aws","schema_version":0,"values":{"route":[{"carrier_gateway_id":"","cidr_block":"0.0.0.0/0","core_network_arn":"","destination_prefix_list_id":"","egress_only_gateway_id":"","ipv6_cidr_block":"","local_gateway_id":"","nat_gateway_id":"","network_interface_id":"","transit_gateway_id":"","vpc_endpoint_id":"","vpc_peering_connection_id":""}],"tags":{"Name":"git-commit-ai-public-rt"},"tags_all":{"Environment":"production","ManagedBy":"terraform","Name":"git-commit-ai-public-rt","Project":"git-commit-ai"},"timeouts":null},"sensitive_values":{"propagating_vgws":[],"route":[{}],"tags":{},"tags_all":{}}},{"address":"aws_route_table_association.public[0]","mode":"managed","type":"aws_route_table_association","name":"public","index":0,"provider_name":"registry.terraform.io/hashicorp/aws","schema_version":0,"values":{"gateway_id":null,"timeouts":null},"sensitive_values":{}},{"address":"aws_route_table_association.public[1]","mode":"managed","type":"aws_route_table_association","name":"public","index":1,"provider_name":"registry.terraform.io/hashicorp/aws","schema_version":0,"values":{"gateway_id":null,"timeouts":null},"sensitive_values":{}},{"address":"aws_security_group.alb","mode":"managed","type":"aws_security_group","name":"alb","provider_name":"registry.terraform.io/hashicorp/aws","schema_version":1,"values":{"description":"Security group for Application Load Balancer","egress":[{"cidr_blocks":["0.0.0.0/0"],"description":"All outbound traffic","from_port":0,"ipv6_cidr_blocks":[],"prefix_list_ids":[],"protocol":"-1","security_groups":[],"self":false,"to_port":0}],"ingress":[{"cidr_blocks":["0.0.0.0/0"],"description":"HTTP from internet","from_port":80,"ipv6_cidr_blocks":[],"prefix_list_ids":[],"protocol":"tcp","security_groups":[],"self":false,"to_port":80},{"cidr_blocks":["0.0.0.0/0"],"description":"HTTPS from internet","from_port":443,"ipv6_cidr_blocks":[],"prefix_list_ids":[],"protocol":"tcp","security_groups":[],"self":false,"to_port":443}],"name":"git-commit-ai-alb-sg","revoke_rules_on_delete":false,"tags":{"Name":"git-commit-ai-alb-sg"},"tags_all":{"Environment":"production","ManagedBy":"terraform","Name":"git-commit-ai-alb-sg","Project":"git-commit-ai"},"timeouts":null},"sensitive_values":{"egress":[{"cidr_blocks":[false],"ipv6_cidr_blocks":[],"prefix_list_ids":[],"security_groups":[]}],"ingress":[{"cidr_blocks":[false],"ipv6_cidr_blocks":[],"prefix_list_ids":[],"security_groups":[]},{"cidr_blocks":[false],"ipv6_cidr_blocks":[],"prefix_list_ids":[],"security_groups":[]}],"tags":{},"tags_all":{}}},{"address":"aws_security_group.ec2","mode":"managed","type":"aws_security_group","name":"ec2","provider_name":"registry.terraform.io/hashicorp/aws","schema_version":1,"values":{"description":"Security group for EC2 instance","egress":[{"cidr_blocks":["0.0.0.0/0"],"description":"All outbound traffic","from_port":0,"ipv6_cidr_blocks":[],"prefix_list_ids":[],"protocol":"-1","security_groups":[],"self":false,"to_port":0}],"ingress":[{"cidr_blocks":["108.93.59.35"],"description":"SSH from allowed IPs","from_port":22,"ipv6_cidr_blocks":[],"prefix_list_ids":[],"protocol":"tcp","security_groups":[],"self":false,"to_port":22},{"cidr_blocks":[],"description":"Application port from ALB","from_port":3000,"ipv6_cidr_blocks":[],"prefix_list_ids":[],"protocol":"tcp","self":false,"to_port":3000}],"name":"git-commit-ai-ec2-sg","revoke_rules_on_delete":false,"tags":{"Name":"git-commit-ai-ec2-sg"},"tags_all":{"Environment":"production","ManagedBy":"terraform","Name":"git-commit-ai-ec2-sg","Project":"git-commit-ai"},"timeouts":null},"sensitive_values":{"egress":[{"cidr_blocks":[false],"ipv6_cidr_blocks":[],"prefix_list_ids":[],"security_groups":[]}],"ingress":[{"cidr_blocks":[false],"ipv6_cidr_blocks":[],"prefix_list_ids":[],"security_groups":[]},{"cidr_blocks":[],"ipv6_cidr_blocks":[],"prefix_list_ids":[],"security_groups":[]}],"tags":{},"tags_all":{}}},{"address":"aws_security_group_rule.alb_to_ec2","mode":"managed","type":"aws_security_group_rule","name":"alb_to_ec2","provider_name":"registry.terraform.io/hashicorp/aws","schema_version":2,"values":{"cidr_blocks":null,"description":"ALB to EC2 application port","from_port":3000,"ipv6_cidr_blocks":null,"prefix_list_ids":null,"protocol":"tcp","self":false,"timeouts":null,"to_port":3000,"type":"egress"},"sensitive_values":{}},{"address":"aws_subnet.public[0]","mode":"managed","type":"aws_subnet","name":"public","index":0,"provider_name":"registry.terraform.io/hashicorp/aws","schema_version":1,"values":{"assign_ipv6_address_on_creation":false,"availability_zone":"us-east-1a","cidr_block":"10.0.1.0/24","customer_owned_ipv4_pool":null,"enable_dns64":false,"enable_lni_at_device_index":null,"enable_resource_name_dns_a_record_on_launch":false,"enable_resource_name_dns_aaaa_record_on_launch":false,"ipv6_cidr_block":null,"ipv6_native":false,"map_customer_owned_ip_on_launch":null,"map_public_ip_on_launch":true,"outpost_arn":null,"tags":{"Name":"git-commit-ai-public-subnet-1","Type":"Public"},"tags_all":{"Environment":"production","ManagedBy":"terraform","Name":"git-commit-ai-public-subnet-1","Project":"git-commit-ai","Type":"Public"},"timeouts":null},"sensitive_values":{"tags":{},"tags_all":{}}},{"address":"aws_subnet.public[1]","mode":"managed","type":"aws_subnet","name":"public","index":1,"provider_name":"registry.terraform.io/hashicorp/aws","schema_version":1,"values":{"assign_ipv6_address_on_creation":false,"availability_zone":"us-east-1b","cidr_block":"10.0.2.0/24","customer_owned_ipv4_pool":null,"enable_dns64":false,"enable_lni_at_device_index":null,"enable_resource_name_dns_a_record_on_launch":false,"enable_resource_name_dns_aaaa_record_on_launch":false,"ipv6_cidr_block":null,"ipv6_native":false,"map_customer_owned_ip_on_launch":null,"map_public_ip_on_launch":true,"outpost_arn":null,"tags":{"Name":"git-commit-ai-public-subnet-2","Type":"Public"},"tags_all":{"Environment":"production","ManagedBy":"terraform","Name":"git-commit-ai-public-subnet-2","Project":"git-commit-ai","Type":"Public"},"timeouts":null},"sensitive_values":{"tags":{},"tags_all":{}}},{"address":"aws_vpc.main","mode":"managed","type":"aws_vpc","name":"main","provider_name":"registry.terraform.io/hashicorp/aws","schema_version":1,"values":{"assign_generated_ipv6_cidr_block":null,"cidr_block":"10.0.0.0/16","enable_dns_hostnames":true,"enable_dns_support":true,"instance_tenancy":"default","ipv4_ipam_pool_id":null,"ipv4_netmask_length":null,"ipv6_ipam_pool_id":null,"ipv6_netmask_length":null,"tags":{"Name":"git-commit-ai-vpc"},"tags_all":{"Environment":"production","ManagedBy":"terraform","Name":"git-commit-ai-vpc","Project":"git-commit-ai"}},"sensitive_values":{"tags":{},"tags_all":{}}},{"address":"aws_vpc_endpoint.s3","mode":"managed","type":"aws_vpc_endpoint","name":"s3","provider_name":"registry.terraform.io/hashicorp/aws","schema_version":0,"values":{"auto_accept":null,"resource_configuration_arn":null,"service_name":"com.amazonaws.us-east-1.s3","service_network_arn":null,"tags":{"Name":"git-commit-ai-s3-endpoint"},"tags_all":{"Environment":"production","ManagedBy":"terraform","Name":"git-commit-ai-s3-endpoint","Project":"git-commit-ai"},"timeouts":null,"vpc_endpoint_type":"Gateway"},"sensitive_values":{"cidr_blocks":[],"dns_entry":[],"dns_options":[],"network_interface_ids":[],"route_table_ids":[],"security_group_ids":[],"subnet_configuration":[],"subnet_ids":[],"tags":{},"tags_all":{}}},{"address":"aws_vpc_endpoint_route_table_association.s3","mode":"managed","type":"aws_vpc_endpoint_route_table_association","name":"s3","provider_name":"registry.terraform.io/hashicorp/aws","schema_version":0,"sensitive_values":{}}]}},"resource_changes":[{"address":"aws_acm_certificate.main[0]","mode":"managed","type":"aws_acm_certificate","name":"main","index":0,"provider_name":"registry.terraform.io/hashicorp/aws","change":{"actions":["create"],"before":null,"after":{"certificate_authority_arn":null,"certificate_body":null,"certificate_chain":null,"domain_name":"git-commit-ai.com","domain_validation_options":[{"domain_name":"*.git-commit-ai.com"},{"domain_name":"git-commit-ai.com"}],"early_renewal_duration":null,"private_key":null,"subject_alternative_names":["*.git-commit-ai.com","git-commit-ai.com"],"tags":{"Name":"git-commit-ai-certificate"},"tags_all":{"Environment":"production","ManagedBy":"terraform","Name":"git-commit-ai-certificate","Project":"git-commit-ai"},"validation_method":"DNS","validation_option":[]},"after_unknown":{"arn":true,"domain_validation_options":[{"resource_record_name":true,"resource_record_type":true,"resource_record_value":true},{"resource_record_name":true,"resource_record_type":true,"resource_record_value":true}],"id":true,"key_algorithm":true,"not_after":true,"not_before":true,"options":true,"pending_renewal":true,"renewal_eligibility":true,"renewal_summary":true,"status":true,"subject_alternative_names":[false,false],"tags":{},"tags_all":{},"type":true,"validation_emails":true,"validation_option":[]},"before_sensitive":false,"after_sensitive":{"domain_validation_options":[{},{}],"options":[],"private_key":true,"renewal_summary":[],"subject_alternative_names":[false,false],"tags":{},"tags_all":{},"validation_emails":[],"validation_option":[]}}},{"address":"aws_acm_certificate_validation.main[0]","mode":"managed","type":"aws_acm_certificate_validation","name":"main","index":0,"provider_name":"registry.terraform.io/hashicorp/aws","change":{"actions":["create"],"before":null,"after":{"timeouts":{"create":"5m"}},"after_unknown":{"certificate_arn":true,"id":true,"timeouts":{},"validation_record_fqdns":true},"before_sensitive":false,"after_sensitive":{"timeouts":{},"validation_record_fqdns":[]}}},{"address":"aws_cloudwatch_dashboard.main","mode":"managed","type":"aws_cloudwatch_dashboard","name":"main","provider_name":"registry.terraform.io/hashicorp/aws","change":{"actions":["create"],"before":null,"after":{"dashboard_name":"git-commit-ai-dashboard"},"after_unknown":{"dashboard_arn":true,"dashboard_body":true,"id":true},"before_sensitive":false,"after_sensitive":{}}},{"address":"aws_cloudwatch_log_group.app","mode":"managed","type":"aws_cloudwatch_log_group","name":"app","provider_name":"registry.terraform.io/hashicorp/aws","change":{"actions":["create"],"before":null,"after":{"kms_key_id":null,"name":"/aws/ec2/git-commit-ai","retention_in_days":30,"skip_destroy":false,"tags":{"Name":"git-commit-ai-log-group"},"tags_all":{"Environment":"production","ManagedBy":"terraform","Name":"git-commit-ai-log-group","Project":"git-commit-ai"}},"after_unknown":{"arn":true,"id":true,"log_group_class":true,"name_prefix":true,"tags":{},"tags_all":{}},"before_sensitive":false,"after_sensitive":{"tags":{},"tags_all":{}}}},{"address":"aws_cloudwatch_metric_alarm.alb_unhealthy_targets","mode":"managed","type":"aws_cloudwatch_metric_alarm","name":"alb_unhealthy_targets","provider_name":"registry.terraform.io/hashicorp/aws","change":{"actions":["create"],"before":null,"after":{"actions_enabled":true,"alarm_actions":null,"alarm_description":"This metric monitors ALB unhealthy targets","alarm_name":"git-commit-ai-alb-unhealthy-targets","comparison_operator":"GreaterThanThreshold","datapoints_to_alarm":null,"evaluation_periods":2,"extended_statistic":null,"insufficient_data_actions":null,"metric_name":"UnHealthyHostCount","metric_query":[],"namespace":"AWS/ApplicationELB","ok_actions":null,"period":120,"statistic":"Average","tags":{"Name":"git-commit-ai-alb-unhealthy-targets-alarm"},"tags_all":{"Environment":"production","ManagedBy":"terraform","Name":"git-commit-ai-alb-unhealthy-targets-alarm","Project":"git-commit-ai"},"threshold":0,"threshold_metric_id":null,"treat_missing_data":"missing","unit":null},"after_unknown":{"arn":true,"dimensions":true,"evaluate_low_sample_count_percentiles":true,"id":true,"metric_query":[],"tags":{},"tags_all":{}},"before_sensitive":false,"after_sensitive":{"dimensions":{},"metric_query":[],"tags":{},"tags_all":{}}}},{"address":"aws_cloudwatch_metric_alarm.high_cpu","mode":"managed","type":"aws_cloudwatch_metric_alarm","name":"high_cpu","provider_name":"registry.terraform.io/hashicorp/aws","change":{"actions":["create"],"before":null,"after":{"actions_enabled":true,"alarm_actions":null,"alarm_description":"This metric monitors ec2 cpu utilization","alarm_name":"git-commit-ai-high-cpu","comparison_operator":"GreaterThanThreshold","datapoints_to_alarm":null,"evaluation_periods":2,"extended_statistic":null,"insufficient_data_actions":null,"metric_name":"CPUUtilization","metric_query":[],"namespace":"AWS/EC2","ok_actions":null,"period":120,"statistic":"Average","tags":{"Name":"git-commit-ai-high-cpu-alarm"},"tags_all":{"Environment":"production","ManagedBy":"terraform","Name":"git-commit-ai-high-cpu-alarm","Project":"git-commit-ai"},"threshold":80,"threshold_metric_id":null,"treat_missing_data":"missing","unit":null},"after_unknown":{"arn":true,"dimensions":true,"evaluate_low_sample_count_percentiles":true,"id":true,"metric_query":[],"tags":{},"tags_all":{}},"before_sensitive":false,"after_sensitive":{"dimensions":{},"metric_query":[],"tags":{},"tags_all":{}}}},{"address":"aws_cloudwatch_metric_alarm.instance_status_check","mode":"managed","type":"aws_cloudwatch_metric_alarm","name":"instance_status_check","provider_name":"registry.terraform.io/hashicorp/aws","change":{"actions":["create"],"before":null,"after":{"actions_enabled":true,"alarm_actions":null,"alarm_description":"This metric monitors ec2 instance status check","alarm_name":"git-commit-ai-instance-status-check","comparison_operator":"GreaterThanThreshold","datapoints_to_alarm":null,"evaluation_periods":2,"extended_statistic":null,"insufficient_data_actions":null,"metric_name":"StatusCheckFailed_Instance","metric_query":[],"namespace":"AWS/EC2","ok_actions":null,"period":120,"statistic":"Maximum","tags":{"Name":"git-commit-ai-instance-status-alarm"},"tags_all":{"Environment":"production","ManagedBy":"terraform","Name":"git-commit-ai-instance-status-alarm","Project":"git-commit-ai"},"threshold":0,"threshold_metric_id":null,"treat_missing_data":"missing","unit":null},"after_unknown":{"arn":true,"dimensions":true,"evaluate_low_sample_count_percentiles":true,"id":true,"metric_query":[],"tags":{},"tags_all":{}},"before_sensitive":false,"after_sensitive":{"dimensions":{},"metric_query":[],"tags":{},"tags_all":{}}}},{"address":"aws_cloudwatch_metric_alarm.system_status_check","mode":"managed","type":"aws_cloudwatch_metric_alarm","name":"system_status_check","provider_name":"registry.terraform.io/hashicorp/aws","change":{"actions":["create"],"before":null,"after":{"actions_enabled":true,"alarm_actions":null,"alarm_description":"This metric monitors ec2 system status check","alarm_name":"git-commit-ai-system-status-check","comparison_operator":"GreaterThanThreshold","datapoints_to_alarm":null,"evaluation_periods":2,"extended_statistic":null,"insufficient_data_actions":null,"metric_name":"StatusCheckFailed_System","metric_query":[],"namespace":"AWS/EC2","ok_actions":null,"period":120,"statistic":"Maximum","tags":{"Name":"git-commit-ai-system-status-alarm"},"tags_all":{"Environment":"production","ManagedBy":"terraform","Name":"git-commit-ai-system-status-alarm","Project":"git-commit-ai"},"threshold":0,"threshold_metric_id":null,"treat_missing_data":"missing","unit":null},"after_unknown":{"arn":true,"dimensions":true,"evaluate_low_sample_count_percentiles":true,"id":true,"metric_query":[],"tags":{},"tags_all":{}},"before_sensitive":false,"after_sensitive":{"dimensions":{},"metric_query":[],"tags":{},"tags_all":{}}}},{"address":"aws_eip.app","mode":"managed","type":"aws_eip","name":"app","provider_name":"registry.terraform.io/hashicorp/aws","change":{"actions":["create"],"before":null,"after":{"address":null,"associate_with_private_ip":null,"customer_owned_ipv4_pool":null,"domain":"vpc","tags":{"Name":"git-commit-ai-app-eip"},"tags_all":{"Environment":"production","ManagedBy":"terraform","Name":"git-commit-ai-app-eip","Project":"git-commit-ai"},"timeouts":null},"after_unknown":{"allocation_id":true,"arn":true,"association_id":true,"carrier_ip":true,"customer_owned_ip":true,"id":true,"instance":true,"ipam_pool_id":true,"network_border_group":true,"network_interface":true,"private_dns":true,"private_ip":true,"ptr_record":true,"public_dns":true,"public_ip":true,"public_ipv4_pool":true,"tags":{},"tags_all":{},"vpc":true},"before_sensitive":false,"after_sensitive":{"tags":{},"tags_all":{}}}},{"address":"aws_instance.app","mode":"managed","type":"aws_instance","name":"app","provider_name":"registry.terraform.io/hashicorp/aws","change":{"actions":["create"],"before":null,"after":{"ami":"ami-05ec1e5f7cfe5ef59","credit_specification":[{"cpu_credits":"standard"}],"get_password_data":false,"hibernation":null,"instance_type":"t3.micro","key_name":"git-commit-ai-key","launch_template":[],"metadata_options":[{"http_endpoint":"enabled","http_protocol_ipv6":"disabled","http_put_response_hop_limit":2,"http_tokens":"required"}],"monitoring":true,"root_block_device":[{"delete_on_termination":true,"encrypted":true,"tags":{"Name":"git-commit-ai-root-volume"},"volume_size":20,"volume_type":"gp3"}],"source_dest_check":true,"tags":{"Name":"git-commit-ai-app-instance"},"tags_all":{"Environment":"production","ManagedBy":"terraform","Name":"git-commit-ai-app-instance","Project":"git-commit-ai"},"timeouts":null,"user_data":"baf46516b1a0f79ca0fabf36f1da6a3d32c0a99d","user_data_replace_on_change":false,"volume_tags":null},"after_unknown":{"arn":true,"associate_public_ip_address":true,"availability_zone":true,"capacity_reservation_specification":true,"cpu_core_count":true,"cpu_options":true,"cpu_threads_per_core":true,"credit_specification":[{}],"disable_api_stop":true,"disable_api_termination":true,"ebs_block_device":true,"ebs_optimized":true,"enable_primary_ipv6":true,"enclave_options":true,"ephemeral_block_device":true,"host_id":true,"host_resource_group_arn":true,"iam_instance_profile":true,"id":true,"instance_initiated_shutdown_behavior":true,"instance_lifecycle":true,"instance_market_options":true,"instance_state":true,"ipv6_address_count":true,"ipv6_addresses":true,"launch_template":[],"maintenance_options":true,"metadata_options":[{"instance_metadata_tags":true}],"network_interface":true,"outpost_arn":true,"password_data":true,"placement_group":true,"placement_partition_number":true,"primary_network_interface_id":true,"private_dns":true,"private_dns_name_options":true,"private_ip":true,"public_dns":true,"public_ip":true,"root_block_device":[{"device_name":true,"iops":true,"kms_key_id":true,"tags":{},"tags_all":true,"throughput":true,"volume_id":true}],"secondary_private_ips":true,"security_groups":true,"spot_instance_request_id":true,"subnet_id":true,"tags":{},"tags_all":{},"tenancy":true,"user_data_base64":true,"vpc_security_group_ids":true},"before_sensitive":false,"after_sensitive":{"capacity_reservation_specification":[],"cpu_options":[],"credit_specification":[{}],"ebs_block_device":[],"enclave_options":[],"ephemeral_block_device":[],"instance_market_options":[],"ipv6_addresses":[],"launch_template":[],"maintenance_options":[],"metadata_options":[{}],"network_interface":[],"private_dns_name_options":[],"root_block_device":[{"tags":{},"tags_all":{}}],"secondary_private_ips":[],"security_groups":[],"tags":{},"tags_all":{},"vpc_security_group_ids":[]}}},{"address":"aws_internet_gateway.main","mode":"managed","type":"aws_internet_gateway","name":"main","provider_name":"registry.terraform.io/hashicorp/aws","change":{"actions":["create"],"before":null,"after":{"tags":{"Name":"git-commit-ai-igw"},"tags_all":{"Environment":"production","ManagedBy":"terraform","Name":"git-commit-ai-igw","Project":"git-commit-ai"},"timeouts":null},"after_unknown":{"arn":true,"id":true,"owner_id":true,"tags":{},"tags_all":{},"vpc_id":true},"before_sensitive":false,"after_sensitive":{"tags":{},"tags_all":{}}}},{"address":"aws_key_pair.app_key","mode":"managed","type":"aws_key_pair","name":"app_key","provider_name":"registry.terraform.io/hashicorp/aws","change":{"actions":["create"],"before":null,"after":{"key_name":"git-commit-ai-key","public_key":"ssh-ed25519 AAAAC3NzaC1lZDI1NTE5AAAAIGFVV9OiKY5TFYSa+zp1v1101ZC5c69FYuEB0bhoURmx joshzirena@gmail.com","tags":null,"tags_all":{"Environment":"production","ManagedBy":"terraform","Project":"git-commit-ai"}},"after_unknown":{"arn":true,"fingerprint":true,"id":true,"key_name_prefix":true,"key_pair_id":true,"key_type":true,"tags_all":{}},"before_sensitive":false,"after_sensitive":{"tags_all":{}}}},{"address":"aws_lb.main","mode":"managed","type":"aws_lb","name":"main","provider_name":"registry.terraform.io/hashicorp/aws","change":{"actions":["create"],"before":null,"after":{"access_logs":[],"client_keep_alive":3600,"connection_logs":[],"customer_owned_ipv4_pool":null,"desync_mitigation_mode":"defensive","dns_record_client_routing_policy":null,"drop_invalid_header_fields":false,"enable_cross_zone_load_balancing":null,"enable_deletion_protection":false,"enable_http2":true,"enable_tls_version_and_cipher_suite_headers":false,"enable_waf_fail_open":false,"enable_xff_client_port":false,"enable_zonal_shift":false,"idle_timeout":60,"internal":false,"ipam_pools":[],"load_balancer_type":"application","minimum_load_balancer_capacity":[],"name":"git-commit-ai-alb","preserve_host_header":false,"tags":{"Name":"git-commit-ai-alb"},"tags_all":{"Environment":"production","ManagedBy":"terraform","Name":"git-commit-ai-alb","Project":"git-commit-ai"},"timeouts":null,"xff_header_processing_mode":"append"},"after_unknown":{"access_logs":[],"arn":true,"arn_suffix":true,"connection_logs":[],"dns_name":true,"enforce_security_group_inbound_rules_on_private_link_traffic":true,"id":true,"ip_address_type":true,"ipam_pools":[],"minimum_load_balancer_capacity":[],"name_prefix":true,"security_groups":true,"subnet_mapping":true,"subnets":true,"tags":{},"tags_all":{},"vpc_id":true,"zone_id":true},"before_sensitive":false,"after_sensitive":{"access_logs":[],"connection_logs":[],"ipam_pools":[],"minimum_load_balancer_capacity":[],"security_groups":[],"subnet_mapping":[],"subnets":[],"tags":{},"tags_all":{}}}},{"address":"aws_lb_listener.http","mode":"managed","type":"aws_lb_listener","name":"http","provider_name":"registry.terraform.io/hashicorp/aws","change":{"actions":["create"],"before":null,"after":{"alpn_policy":null,"certificate_arn":null,"default_action":[{"authenticate_cognito":[],"authenticate_oidc":[],"fixed_response":[],"forward":[],"redirect":[{"host":"#{host}","path":"/#{path}","port":"443","protocol":"HTTPS","query":"#{query}","status_code":"HTTP_301"}],"target_group_arn":null,"type":"redirect"}],"port":80,"protocol":"HTTP","tags":null,"tags_all":{"Environment":"production","ManagedBy":"terraform","Project":"git-commit-ai"},"timeouts":null},"after_unknown":{"arn":true,"default_action":[{"authenticate_cognito":[],"authenticate_oidc":[],"fixed_response":[],"forward":[],"order":true,"redirect":[{}]}],"id":true,"load_balancer_arn":true,"mutual_authentication":true,"routing_http_request_x_amzn_mtls_clientcert_header_name":true,"routing_http_request_x_amzn_mtls_clientcert_issuer_header_name":true,"routing_http_request_x_amzn_mtls_clientcert_leaf_header_name":true,"routing_http_request_x_amzn_mtls_clientcert_serial_number_header_name":true,"routing_http_request_x_amzn_mtls_clientcert_subject_header_name":true,"routing_http_request_x_amzn_mtls_clientcert_validity_header_name":true,"routing_http_request_x_amzn_tls_cipher_suite_header_name":true,"routing_http_request_x_amzn_tls_version_header_name":true,"routing_http_response_access_control_allow_credentials_header_value":true,"routing_http_response_access_control_allow_headers_header_value":true,"routing_http_response_access_control_allow_methods_header_value":true,"routing_http_response_access_control_allow_origin_header_value":true,"routing_http_response_access_control_expose_headers_header_value":true,"routing_http_response_access_control_max_age_header_value":true,"routing_http_response_content_security_policy_header_value":true,"routing_http_response_server_enabled":true,"routing_http_response_strict_transport_security_header_value":true,"routing_http_response_x_content_type_options_header_value":true,"routing_http_response_x_frame_options_header_value":true,"ssl_policy":true,"tags_all":{},"tcp_idle_timeout_seconds":true},"before_sensitive":false,"after_sensitive":{"default_action":[{"authenticate_cognito":[],"authenticate_oidc":[],"fixed_response":[],"forward":[],"redirect":[{}]}],"mutual_authentication":[],"tags_all":{}}}},{"address":"aws_lb_listener.https[0]","mode":"managed","type":"aws_lb_listener","name":"https","index":0,"provider_name":"registry.terraform.io/hashicorp/aws","change":{"actions":["create"],"before":null,"after":{"alpn_policy":null,"default_action":[{"authenticate_cognito":[],"authenticate_oidc":[],"fixed_response":[],"forward":[],"redirect":[],"type":"forward"}],"port":443,"protocol":"HTTPS","ssl_policy":"ELBSecurityPolicy-TLS-1-2-2017-01","tags":null,"tags_all":{"Environment":"production","ManagedBy":"terraform","Project":"git-commit-ai"},"timeouts":null},"after_unknown":{"arn":true,"certificate_arn":true,"default_action":[{"authenticate_cognito":[],"authenticate_oidc":[],"fixed_response":[],"forward":[],"order":true,"redirect":[],"target_group_arn":true}],"id":true,"load_balancer_arn":true,"mutual_authentication":true,"routing_http_request_x_amzn_mtls_clientcert_header_name":true,"routing_http_request_x_amzn_mtls_clientcert_issuer_header_name":true,"routing_http_request_x_amzn_mtls_clientcert_leaf_header_name":true,"routing_http_request_x_amzn_mtls_clientcert_serial_number_header_name":true,"routing_http_request_x_amzn_mtls_clientcert_subject_header_name":true,"routing_http_request_x_amzn_mtls_clientcert_validity_header_name":true,"routing_http_request_x_amzn_tls_cipher_suite_header_name":true,"routing_http_request_x_amzn_tls_version_header_name":true,"routing_http_response_access_control_allow_credentials_header_value":true,"routing_http_response_access_control_allow_headers_header_value":true,"routing_http_response_access_control_allow_methods_header_value":true,"routing_http_response_access_control_allow_origin_header_value":true,"routing_http_response_access_control_expose_headers_header_value":true,"routing_http_response_access_control_max_age_header_value":true,"routing_http_response_content_security_policy_header_value":true,"routing_http_response_server_enabled":true,"routing_http_response_strict_transport_security_header_value":true,"routing_http_response_x_content_type_options_header_value":true,"routing_http_response_x_frame_options_header_value":true,"tags_all":{},"tcp_idle_timeout_seconds":true},"before_sensitive":false,"after_sensitive":{"default_action":[{"authenticate_cognito":[],"authenticate_oidc":[],"fixed_response":[],"forward":[],"redirect":[]}],"mutual_authentication":[],"tags_all":{}}}},{"address":"aws_lb_target_group.app","mode":"managed","type":"aws_lb_target_group","name":"app","provider_name":"registry.terraform.io/hashicorp/aws","change":{"actions":["create"],"before":null,"after":{"deregistration_delay":"300","health_check":[{"enabled":true,"healthy_threshold":2,"interval":30,"matcher":"200","path":"/health","port":"traffic-port","protocol":"HTTP","timeout":5,"unhealthy_threshold":3}],"lambda_multi_value_headers_enabled":false,"name":"git-commit-ai-tg","port":3000,"protocol":"HTTP","proxy_protocol_v2":false,"slow_start":0,"tags":{"Name":"git-commit-ai-tg"},"tags_all":{"Environment":"production","ManagedBy":"terraform","Name":"git-commit-ai-tg","Project":"git-commit-ai"},"target_type":"instance"},"after_unknown":{"arn":true,"arn_suffix":true,"connection_termination":true,"health_check":[{}],"id":true,"ip_address_type":true,"load_balancer_arns":true,"load_balancing_algorithm_type":true,"load_balancing_anomaly_mitigation":true,"load_balancing_cross_zone_enabled":true,"name_prefix":true,"preserve_client_ip":true,"protocol_version":true,"stickiness":true,"tags":{},"tags_all":{},"target_failover":true,"target_group_health":true,"target_health_state":true,"vpc_id":true},"before_sensitive":false,"after_sensitive":{"health_check":[{}],"load_balancer_arns":[],"stickiness":[],"tags":{},"tags_all":{},"target_failover":[],"target_group_health":[],"target_health_state":[]}}},{"address":"aws_lb_target_group_attachment.app","mode":"managed","type":"aws_lb_target_group_attachment","name":"app","provider_name":"registry.terraform.io/hashicorp/aws","change":{"actions":["create"],"before":null,"after":{"availability_zone":null,"port":3000},"after_unknown":{"id":true,"target_group_arn":true,"target_id":true},"before_sensitive":false,"after_sensitive":{}}},{"address":"aws_route53_record.acm_validation[\"*.git-commit-ai.com\"]","mode":"managed","type":"aws_route53_record","name":"acm_validation","index":"*.git-commit-ai.com","provider_name":"registry.terraform.io/hashicorp/aws","change":{"actions":["create"],"before":null,"after":{"alias":[],"allow_overwrite":true,"cidr_routing_policy":[],"failover_routing_policy":[],"geolocation_routing_policy":[],"geoproximity_routing_policy":[],"health_check_id":null,"latency_routing_policy":[],"multivalue_answer_routing_policy":null,"set_identifier":null,"timeouts":null,"ttl":60,"weighted_routing_policy":[],"zone_id":"Z0971529MNSHPHNVADU9"},"after_unknown":{"alias":[],"cidr_routing_policy":[],"failover_routing_policy":[],"fqdn":true,"geolocation_routing_policy":[],"geoproximity_routing_policy":[],"id":true,"latency_routing_policy":[],"name":true,"records":true,"type":true,"weighted_routing_policy":[]},"before_sensitive":false,"after_sensitive":{"alias":[],"cidr_routing_policy":[],"failover_routing_policy":[],"geolocation_routing_policy":[],"geoproximity_routing_policy":[],"latency_routing_policy":[],"records":[],"weighted_routing_policy":[]}}},{"address":"aws_route53_record.acm_validation[\"git-commit-ai.com\"]","mode":"managed","type":"aws_route53_record","name":"acm_validation","index":"git-commit-ai.com","provider_name":"registry.terraform.io/hashicorp/aws","change":{"actions":["create"],"before":null,"after":{"alias":[],"allow_overwrite":true,"cidr_routing_policy":[],"failover_routing_policy":[],"geolocation_routing_policy":[],"geoproximity_routing_policy":[],"health_check_id":null,"latency_routing_policy":[],"multivalue_answer_routing_policy":null,"set_identifier":null,"timeouts":null,"ttl":60,"weighted_routing_policy":[],"zone_id":"Z0971529MNSHPHNVADU9"},"after_unknown":{"alias":[],"cidr_routing_policy":[],"failover_routing_policy":[],"fqdn":true,"geolocation_routing_policy":[],"geoproximity_routing_policy":[],"id":true,"latency_routing_policy":[],"name":true,"records":true,"type":true,"weighted_routing_policy":[]},"before_sensitive":false,"after_sensitive":{"alias":[],"cidr_routing_policy":[],"failover_routing_policy":[],"geolocation_routing_policy":[],"geoproximity_routing_policy":[],"latency_routing_policy":[],"records":[],"weighted_routing_policy":[]}}},{"address":"aws_route53_record.app[0]","mode":"managed","type":"aws_route53_record","name":"app","index":0,"provider_name":"registry.terraform.io/hashicorp/aws","change":{"actions":["create"],"before":null,"after":{"alias":[{"evaluate_target_health":true}],"cidr_routing_policy":[],"failover_routing_policy":[],"geolocation_routing_policy":[],"geoproximity_routing_policy":[],"health_check_id":null,"latency_routing_policy":[],"multivalue_answer_routing_policy":null,"name":"git-commit-ai.com","records":null,"set_identifier":null,"timeouts":null,"ttl":null,"type":"A","weighted_routing_policy":[],"zone_id":"Z0971529MNSHPHNVADU9"},"after_unknown":{"alias":[{"name":true,"zone_id":true}],"allow_overwrite":true,"cidr_routing_policy":[],"failover_routing_policy":[],"fqdn":true,"geolocation_routing_policy":[],"geoproximity_routing_policy":[],"id":true,"latency_routing_policy":[],"weighted_routing_policy":[]},"before_sensitive":false,"after_sensitive":{"alias":[{}],"cidr_routing_policy":[],"failover_routing_policy":[],"geolocation_routing_policy":[],"geoproximity_routing_policy":[],"latency_routing_policy":[],"weighted_routing_policy":[]}}},{"address":"aws_route53_record.app_ipv6[0]","mode":"managed","type":"aws_route53_record","name":"app_ipv6","index":0,"provider_name":"registry.terraform.io/hashicorp/aws","change":{"actions":["create"],"before":null,"after":{"alias":[{"evaluate_target_health":true}],"cidr_routing_policy":[],"failover_routing_policy":[],"geolocation_routing_policy":[],"geoproximity_routing_policy":[],"health_check_id":null,"latency_routing_policy":[],"multivalue_answer_routing_policy":null,"name":"git-commit-ai.com","records":null,"set_identifier":null,"timeouts":null,"ttl":null,"type":"AAAA","weighted_routing_policy":[],"zone_id":"Z0971529MNSHPHNVADU9"},"after_unknown":{"alias":[{"name":true,"zone_id":true}],"allow_overwrite":true,"cidr_routing_policy":[],"failover_routing_policy":[],"fqdn":true,"geolocation_routing_policy":[],"geoproximity_routing_policy":[],"id":true,"latency_routing_policy":[],"weighted_routing_policy":[]},"before_sensitive":false,"after_sensitive":{"alias":[{}],"cidr_routing_policy":[],"failover_routing_policy":[],"geolocation_routing_policy":[],"geoproximity_routing_policy":[],"latency_routing_policy":[],"weighted_routing_policy":[]}}},{"address":"aws_route_table.public","mode":"managed","type":"aws_route_table","name":"public","provider_name":"registry.terraform.io/hashicorp/aws","change":{"actions":["create"],"before":null,"after":{"route":[{"carrier_gateway_id":"","cidr_block":"0.0.0.0/0","core_network_arn":"","destination_prefix_list_id":"","egress_only_gateway_id":"","ipv6_cidr_block":"","local_gateway_id":"","nat_gateway_id":"","network_interface_id":"","transit_gateway_id":"","vpc_endpoint_id":"","vpc_peering_connection_id":""}],"tags":{"Name":"git-commit-ai-public-rt"},"tags_all":{"Environment":"production","ManagedBy":"terraform","Name":"git-commit-ai-public-rt","Project":"git-commit-ai"},"timeouts":null},"after_unknown":{"arn":true,"id":true,"owner_id":true,"propagating_vgws":true,"route":[{"gateway_id":true}],"tags":{},"tags_all":{},"vpc_id":true},"before_sensitive":false,"after_sensitive":{"propagating_vgws":[],"route":[{}],"tags":{},"tags_all":{}}}},{"address":"aws_route_table_association.public[0]","mode":"managed","type":"aws_route_table_association","name":"public","index":0,"provider_name":"registry.terraform.io/hashicorp/aws","change":{"actions":["create"],"before":null,"after":{"gateway_id":null,"timeouts":null},"after_unknown":{"id":true,"route_table_id":true,"subnet_id":true},"before_sensitive":false,"after_sensitive":{}}},{"address":"aws_route_table_association.public[1]","mode":"managed","type":"aws_route_table_association","name":"public","index":1,"provider_name":"registry.terraform.io/hashicorp/aws","change":{"actions":["create"],"before":null,"after":{"gateway_id":null,"timeouts":null},"after_unknown":{"id":true,"route_table_id":true,"subnet_id":true},"before_sensitive":false,"after_sensitive":{}}},{"address":"aws_security_group.alb","mode":"managed","type":"aws_security_group","name":"alb","provider_name":"registry.terraform.io/hashicorp/aws","change":{"actions":["create"],"before":null,"after":{"description":"Security group for Application Load Balancer","egress":[{"cidr_blocks":["0.0.0.0/0"],"description":"All outbound traffic","from_port":0,"ipv6_cidr_blocks":[],"prefix_list_ids":[],"protocol":"-1","security_groups":[],"self":false,"to_port":0}],"ingress":[{"cidr_blocks":["0.0.0.0/0"],"description":"HTTP from internet","from_port":80,"ipv6_cidr_blocks":[],"prefix_list_ids":[],"protocol":"tcp","security_groups":[],"self":false,"to_port":80},{"cidr_blocks":["0.0.0.0/0"],"description":"HTTPS from internet","from_port":443,"ipv6_cidr_blocks":[],"prefix_list_ids":[],"protocol":"tcp","security_groups":[],"self":false,"to_port":443}],"name":"git-commit-ai-alb-sg","revoke_rules_on_delete":false,"tags":{"Name":"git-commit-ai-alb-sg"},"tags_all":{"Environment":"production","ManagedBy":"terraform","Name":"git-commit-ai-alb-sg","Project":"git-commit-ai"},"timeouts":null},"after_unknown":{"arn":true,"egress":[{"cidr_blocks":[false],"ipv6_cidr_blocks":[],"prefix_list_ids":[],"security_groups":[]}],"id":true,"ingress":[{"cidr_blocks":[false],"ipv6_cidr_blocks":[],"prefix_list_ids":[],"security_groups":[]},{"cidr_blocks":[false],"ipv6_cidr_blocks":[],"prefix_list_ids":[],"security_groups":[]}],"name_prefix":true,"owner_id":true,"tags":{},"tags_all":{},"vpc_id":true},"before_sensitive":false,"after_sensitive":{"egress":[{"cidr_blocks":[false],"ipv6_cidr_blocks":[],"prefix_list_ids":[],"security_groups":[]}],"ingress":[{"cidr_blocks":[false],"ipv6_cidr_blocks":[],"prefix_list_ids":[],"security_groups":[]},{"cidr_blocks":[false],"ipv6_cidr_blocks":[],"prefix_list_ids":[],"security_groups":[]}],"tags":{},"tags_all":{}}}},{"address":"aws_security_group.ec2","mode":"managed","type":"aws_security_group","name":"ec2","provider_name":"registry.terraform.io/hashicorp/aws","change":{"actions":["create"],"before":null,"after":{"description":"Security group for EC2 instance","egress":[{"cidr_blocks":["0.0.0.0/0"],"description":"All outbound traffic","from_port":0,"ipv6_cidr_blocks":[],"prefix_list_ids":[],"protocol":"-1","security_groups":[],"self":false,"to_port":0}],"ingress":[{"cidr_blocks":["108.93.59.35"],"description":"SSH from allowed IPs","from_port":22,"ipv6_cidr_blocks":[],"prefix_list_ids":[],"protocol":"tcp","security_groups":[],"self":false,"to_port":22},{"cidr_blocks":[],"description":"Application port from ALB","from_port":3000,"ipv6_cidr_blocks":[],"prefix_list_ids":[],"protocol":"tcp","self":false,"to_port":3000}],"name":"git-commit-ai-ec2-sg","revoke_rules_on_delete":false,"tags":{"Name":"git-commit-ai-ec2-sg"},"tags_all":{"Environment":"production","ManagedBy":"terraform","Name":"git-commit-ai-ec2-sg","Project":"git-commit-ai"},"timeouts":null},"after_unknown":{"arn":true,"egress":[{"cidr_blocks":[false],"ipv6_cidr_blocks":[],"prefix_list_ids":[],"security_groups":[]}],"id":true,"ingress":[{"cidr_blocks":[false],"ipv6_cidr_blocks":[],"prefix_list_ids":[],"security_groups":[]},{"cidr_blocks":[],"ipv6_cidr_blocks":[],"prefix_list_ids":[],"security_groups":true}],"name_prefix":true,"owner_id":true,"tags":{},"tags_all":{},"vpc_id":true},"before_sensitive":false,"after_sensitive":{"egress":[{"cidr_blocks":[false],"ipv6_cidr_blocks":[],"prefix_list_ids":[],"security_groups":[]}],"ingress":[{"cidr_blocks":[false],"ipv6_cidr_blocks":[],"prefix_list_ids":[],"security_groups":[]},{"cidr_blocks":[],"ipv6_cidr_blocks":[],"prefix_list_ids":[],"security_groups":[]}],"tags":{},"tags_all":{}}}},{"address":"aws_security_group_rule.alb_to_ec2","mode":"managed","type":"aws_security_group_rule","name":"alb_to_ec2","provider_name":"registry.terraform.io/hashicorp/aws","change":{"actions":["create"],"before":null,"after":{"cidr_blocks":null,"description":"ALB to EC2 application port","from_port":3000,"ipv6_cidr_blocks":null,"prefix_list_ids":null,"protocol":"tcp","self":false,"timeouts":null,"to_port":3000,"type":"egress"},"after_unknown":{"id":true,"security_group_id":true,"security_group_rule_id":true,"source_security_group_id":true},"before_sensitive":false,"after_sensitive":{}}},{"address":"aws_subnet.public[0]","mode":"managed","type":"aws_subnet","name":"public","index":0,"provider_name":"registry.terraform.io/hashicorp/aws","change":{"actions":["create"],"before":null,"after":{"assign_ipv6_address_on_creation":false,"availability_zone":"us-east-1a","cidr_block":"10.0.1.0/24","customer_owned_ipv4_pool":null,"enable_dns64":false,"enable_lni_at_device_index":null,"enable_resource_name_dns_a_record_on_launch":false,"enable_resource_name_dns_aaaa_record_on_launch":false,"ipv6_cidr_block":null,"ipv6_native":false,"map_customer_owned_ip_on_launch":null,"map_public_ip_on_launch":true,"outpost_arn":null,"tags":{"Name":"git-commit-ai-public-subnet-1","Type":"Public"},"tags_all":{"Environment":"production","ManagedBy":"terraform","Name":"git-commit-ai-public-subnet-1","Project":"git-commit-ai","Type":"Public"},"timeouts":null},"after_unknown":{"arn":true,"availability_zone_id":true,"id":true,"ipv6_cidr_block_association_id":true,"owner_id":true,"private_dns_hostname_type_on_launch":true,"tags":{},"tags_all":{},"vpc_id":true},"before_sensitive":false,"after_sensitive":{"tags":{},"tags_all":{}}}},{"address":"aws_subnet.public[1]","mode":"managed","type":"aws_subnet","name":"public","index":1,"provider_name":"registry.terraform.io/hashicorp/aws","change":{"actions":["create"],"before":null,"after":{"assign_ipv6_address_on_creation":false,"availability_zone":"us-east-1b","cidr_block":"10.0.2.0/24","customer_owned_ipv4_pool":null,"enable_dns64":false,"enable_lni_at_device_index":null,"enable_resource_name_dns_a_record_on_launch":false,"enable_resource_name_dns_aaaa_record_on_launch":false,"ipv6_cidr_block":null,"ipv6_native":false,"map_customer_owned_ip_on_launch":null,"map_public_ip_on_launch":true,"outpost_arn":null,"tags":{"Name":"git-commit-ai-public-subnet-2","Type":"Public"},"tags_all":{"Environment":"production","ManagedBy":"terraform","Name":"git-commit-ai-public-subnet-2","Project":"git-commit-ai","Type":"Public"},"timeouts":null},"after_unknown":{"arn":true,"availability_zone_id":true,"id":true,"ipv6_cidr_block_association_id":true,"owner_id":true,"private_dns_hostname_type_on_launch":true,"tags":{},"tags_all":{},"vpc_id":true},"before_sensitive":false,"after_sensitive":{"tags":{},"tags_all":{}}}},{"address":"aws_vpc.main","mode":"managed","type":"aws_vpc","name":"main","provider_name":"registry.terraform.io/hashicorp/aws","change":{"actions":["create"],"before":null,"after":{"assign_generated_ipv6_cidr_block":null,"cidr_block":"10.0.0.0/16","enable_dns_hostnames":true,"enable_dns_support":true,"instance_tenancy":"default","ipv4_ipam_pool_id":null,"ipv4_netmask_length":null,"ipv6_ipam_pool_id":null,"ipv6_netmask_length":null,"tags":{"Name":"git-commit-ai-vpc"},"tags_all":{"Environment":"production","ManagedBy":"terraform","Name":"git-commit-ai-vpc","Project":"git-commit-ai"}},"after_unknown":{"arn":true,"default_network_acl_id":true,"default_route_table_id":true,"default_security_group_id":true,"dhcp_options_id":true,"enable_network_address_usage_metrics":true,"id":true,"ipv6_association_id":true,"ipv6_cidr_block":true,"ipv6_cidr_block_network_border_group":true,"main_route_table_id":true,"owner_id":true,"tags":{},"tags_all":{}},"before_sensitive":false,"after_sensitive":{"tags":{},"tags_all":{}}}},{"address":"aws_vpc_endpoint.s3","mode":"managed","type":"aws_vpc_endpoint","name":"s3","provider_name":"registry.terraform.io/hashicorp/aws","change":{"actions":["create"],"before":null,"after":{"auto_accept":null,"resource_configuration_arn":null,"service_name":"com.amazonaws.us-east-1.s3","service_network_arn":null,"tags":{"Name":"git-commit-ai-s3-endpoint"},"tags_all":{"Environment":"production","ManagedBy":"terraform","Name":"git-commit-ai-s3-endpoint","Project":"git-commit-ai"},"timeouts":null,"vpc_endpoint_type":"Gateway"},"after_unknown":{"arn":true,"cidr_blocks":true,"dns_entry":true,"dns_options":true,"id":true,"ip_address_type":true,"network_interface_ids":true,"owner_id":true,"policy":true,"prefix_list_id":true,"private_dns_enabled":true,"requester_managed":true,"route_table_ids":true,"security_group_ids":true,"service_region":true,"state":true,"subnet_configuration":true,"subnet_ids":true,"tags":{},"tags_all":{},"vpc_id":true},"before_sensitive":false,"after_sensitive":{"cidr_blocks":[],"dns_entry":[],"dns_options":[],"network_interface_ids":[],"route_table_ids":[],"security_group_ids":[],"subnet_configuration":[],"subnet_ids":[],"tags":{},"tags_all":{}}}},{"address":"aws_vpc_endpoint_route_table_association.s3","mode":"managed","type":"aws_vpc_endpoint_route_table_association","name":"s3","provider_name":"registry.terraform.io/hashicorp/aws","change":{"actions":["create"],"before":null,"after":{},"after_unknown":{"id":true,"route_table_id":true,"vpc_endpoint_id":true},"before_sensitive":false,"after_sensitive":{}}}],"output_changes":{"acm_certificate_arn":{"actions":["create"],"before":null,"after_unknown":true,"before_sensitive":false,"after_sensitive":false},"alb_arn":{"actions":["create"],"before":null,"after_unknown":true,"before_sensitive":false,"after_sensitive":false},"alb_dns_name":{"actions":["create"],"before":null,"after_unknown":true,"before_sensitive":false,"after_sensitive":false},"alb_security_group_id":{"actions":["create"],"before":null,"after_unknown":true,"before_sensitive":false,"after_sensitive":false},"alb_zone_id":{"actions":["create"],"before":null,"after_unknown":true,"before_sensitive":false,"after_sensitive":false},"application_url":{"actions":["create"],"before":null,"after":"https://git-commit-ai.com","after_unknown":false,"before_sensitive":false,"after_sensitive":false},"cloudwatch_log_group_name":{"actions":["create"],"before":null,"after":"/aws/ec2/git-commit-ai","after_unknown":false,"before_sensitive":false,"after_sensitive":false},"ec2_instance_id":{"actions":["create"],"before":null,"after_unknown":true,"before_sensitive":false,"after_sensitive":false},"ec2_private_ip":{"actions":["create"],"before":null,"after_unknown":true,"before_sensitive":false,"after_sensitive":false},"ec2_public_ip":{"actions":["create"],"before":null,"after_unknown":true,"before_sensitive":false,"after_sensitive":false},"ec2_security_group_id":{"actions":["create"],"before":null,"after_unknown":true,"before_sensitive":false,"after_sensitive":false},"estimated_monthly_cost":{"actions":["create"],"before":null,"after":"~$8-12 USD (t3.micro + ALB + data transfer)","after_unknown":false,"before_sensitive":false,"after_sensitive":false},"internet_gateway_id":{"actions":["create"],"before":null,"after_unknown":true,"before_sensitive":false,"after_sensitive":false},"key_pair_name":{"actions":["create"],"before":null,"after":"git-commit-ai-key","after_unknown":false,"before_sensitive":false,"after_sensitive":false},"public_subnet_ids":{"actions":["create"],"before":null,"after":[null,null],"after_unknown":[true,true],"before_sensitive":false,"after_sensitive":false},"ssh_command":{"actions":["create"],"before":null,"after_unknown":true,"before_sensitive":false,"after_sensitive":false},"target_group_arn":{"actions":["create"],"before":null,"after_unknown":true,"before_sensitive":false,"after_sensitive":false},"vpc_id":{"actions":["create"],"before":null,"after_unknown":true,"before_sensitive":false,"after_sensitive":false}},"prior_state":{"format_version":"1.0","terraform_version":"1.12.2","values":{"outputs":{"application_url":{"sensitive":false,"value":"https://git-commit-ai.com","type":"string"},"cloudwatch_log_group_name":{"sensitive":false,"value":"/aws/ec2/git-commit-ai","type":"string"},"estimated_monthly_cost":{"sensitive":false,"value":"~$8-12 USD (t3.micro + ALB + data transfer)","type":"string"},"key_pair_name":{"sensitive":false,"value":"git-commit-ai-key","type":"string"}},"root_module":{"resources":[{"address":"data.aws_ami.ubuntu","mode":"data","type":"aws_ami","name":"ubuntu","provider_name":"registry.terraform.io/hashicorp/aws","schema_version":0,"values":{"architecture":"x86_64","arn":"arn:aws:ec2:us-east-1::image/ami-05ec1e5f7cfe5ef59","block_device_mappings":[{"device_name":"/dev/sda1","ebs":{"delete_on_termination":"true","encrypted":"false","iops":"0","snapshot_id":"snap-0b030d7783e04bd00","throughput":"0","volume_initialization_rate":"0","volume_size":"8","volume_type":"gp2"},"no_device":"","virtual_name":""},{"device_name":"/dev/sdb","ebs":{},"no_device":"","virtual_name":"ephemeral0"},{"device_name":"/dev/sdc","ebs":{},"no_device":"","virtual_name":"ephemeral1"}],"boot_mode":"uefi-preferred","creation_date":"2025-06-27T06:45:08.000Z","deprecation_time":"2027-06-27T06:45:08.000Z","description":"Canonical, Ubuntu, 22.04, amd64 jammy image","ena_support":true,"executable_users":null,"filter":[{"name":"name","values":["ubuntu/images/hvm-ssd/ubuntu-jammy-22.04-amd64-server-*"]},{"name":"virtualization-type","values":["hvm"]}],"hypervisor":"xen","id":"ami-05ec1e5f7cfe5ef59","image_id":"ami-05ec1e5f7cfe5ef59","image_location":"amazon/ubuntu/images/hvm-ssd/ubuntu-jammy-22.04-amd64-server-20250627","image_owner_alias":"amazon","image_type":"machine","imds_support":"","include_deprecated":false,"kernel_id":"","last_launched_time":"","most_recent":true,"name":"ubuntu/images/hvm-ssd/ubuntu-jammy-22.04-amd64-server-20250627","name_regex":null,"owner_id":"099720109477","owners":["099720109477"],"platform":"","platform_details":"Linux/UNIX","product_codes":[],"public":true,"ramdisk_id":"","root_device_name":"/dev/sda1","root_device_type":"ebs","root_snapshot_id":"snap-0b030d7783e04bd00","sriov_net_support":"simple","state":"available","state_reason":{"code":"UNSET","message":"UNSET"},"tags":{},"timeouts":null,"tpm_support":"","uefi_data":null,"usage_operation":"RunInstances","virtualization_type":"hvm"},"sensitive_values":{"block_device_mappings":[{"ebs":{}},{"ebs":{}},{"ebs":{}}],"filter":[{"values":[false]},{"values":[false]}],"owners":[false],"product_codes":[],"state_reason":{},"tags":{}}},{"address":"data.aws_availability_zones.available","mode":"data","type":"aws_availability_zones","name":"available","provider_name":"registry.terraform.io/hashicorp/aws","schema_version":0,"values":{"all_availability_zones":null,"exclude_names":null,"exclude_zone_ids":null,"filter":null,"group_names":["us-east-1-zg-1"],"id":"us-east-1","names":["us-east-1a","us-east-1b","us-east-1c","us-east-1d","us-east-1e","us-east-1f"],"state":"available","timeouts":null,"zone_ids":["use1-az1","use1-az2","use1-az4","use1-az6","use1-az3","use1-az5"]},"sensitive_values":{"group_names":[false],"names":[false,false,false,false,false,false],"zone_ids":[false,false,false,false,false,false]}},{"address":"data.aws_route53_zone.main[0]","mode":"data","type":"aws_route53_zone","name":"main","index":0,"provider_name":"registry.terraform.io/hashicorp/aws","schema_version":0,"values":{"arn":"arn:aws:route53:::hostedzone/Z0971529MNSHPHNVADU9","caller_reference":"RISWorkflow-RD:8f0da20f-1e48-41ff-b1a3-0661eedc1a0d","comment":"HostedZone created by Route53 Registrar","id":"Z0971529MNSHPHNVADU9","linked_service_description":null,"linked_service_principal":null,"name":"git-commit-ai.com","name_servers":["ns-207.awsdns-25.com","ns-1774.awsdns-29.co.uk","ns-859.awsdns-43.net","ns-1263.awsdns-29.org"],"primary_name_server":"ns-207.awsdns-25.com","private_zone":false,"resource_record_set_count":2,"tags":{},"vpc_id":null,"zone_id":"Z0971529MNSHPHNVADU9"},"sensitive_values":{"name_servers":[false,false,false,false],"tags":{}}}]}}},"configuration":{"provider_config":{"aws":{"name":"aws","full_name":"registry.terraform.io/hashicorp/aws","version_constraint":"~\u003e 5.0","expressions":{"default_tags":[{"tags":{"references":["var.environment","var.project_name"]}}],"region":{"references":["var.aws_region"]}}}},"root_module":{"outputs":{"acm_certificate_arn":{"expression":{"references":["var.domain_name","aws_acm_certificate.main[0].arn","aws_acm_certificate.main[0]","aws_acm_certificate.main"]},"description":"ARN of the ACM certificate"},"alb_arn":{"expression":{"references":["aws_lb.main.arn","aws_lb.main"]},"description":"ARN of the Application Load Balancer"},"alb_dns_name":{"expression":{"references":["aws_lb.main.dns_name","aws_lb.main"]},"description":"DNS name of the Application Load Balancer"},"alb_security_group_id":{"expression":{"references":["aws_security_group.alb.id","aws_security_group.alb"]},"description":"ID of the ALB security group"},"alb_zone_id":{"expression":{"references":["aws_lb.main.zone_id","aws_lb.main"]},"description":"Zone ID of the Application Load Balancer"},"application_url":{"expression":{"references":["var.domain_name","var.domain_name","aws_lb.main.dns_name","aws_lb.main"]},"description":"URL to access the application"},"cloudwatch_log_group_name":{"expression":{"references":["aws_cloudwatch_log_group.app.name","aws_cloudwatch_log_group.app"]},"description":"Name of the CloudWatch log group"},"ec2_instance_id":{"expression":{"references":["aws_instance.app.id","aws_instance.app"]},"description":"ID of the EC2 instance"},"ec2_private_ip":{"expression":{"references":["aws_instance.app.private_ip","aws_instance.app"]},"description":"Private IP address of the EC2 instance"},"ec2_public_ip":{"expression":{"references":["aws_instance.app.public_ip","aws_instance.app"]},"description":"Public IP address of the EC2 instance"},"ec2_security_group_id":{"expression":{"references":["aws_security_group.ec2.id","aws_security_group.ec2"]},"description":"ID of the EC2 security group"},"estimated_monthly_cost":{"expression":{"constant_value":"~$8-12 USD (t3.micro + ALB + data transfer)"},"description":"Estimated monthly cost for the infrastructure"},"internet_gateway_id":{"expression":{"references":["aws_internet_gateway.main.id","aws_internet_gateway.main"]},"description":"ID of the Internet Gateway"},"key_pair_name":{"expression":{"references":["aws_key_pair.app_key.key_name","aws_key_pair.app_key"]},"description":"Name of the EC2 key pair"},"public_subnet_ids":{"expression":{"references":["aws_subnet.public"]},"description":"IDs of the public subnets"},"ssh_command":{"expression":{"references":["aws_key_pair.app_key.key_name","aws_key_pair.app_key","aws_instance.app.public_ip","aws_instance.app"]},"description":"SSH command to connect to the EC2 instance"},"target_group_arn":{"expression":{"references":["aws_lb_target_group.app.arn","aws_lb_target_group.app"]},"description":"ARN of the target group"},"vpc_id":{"expression":{"references":["aws_vpc.main.id","aws_vpc.main"]},"description":"ID of the VPC"}},"resources":[{"address":"aws_acm_certificate.main","mode":"managed","type":"aws_acm_certificate","name":"main","provider_config_key":"aws","expressions":{"domain_name":{"references":["var.domain_name"]},"subject_alternative_names":{"references":["var.domain_name"]},"tags":{"references":["var.project_name"]},"validation_method":{"constant_value":"DNS"}},"schema_version":0,"count_expression":{"references":["var.domain_name"]}},{"address":"aws_acm_certificate_validation.main","mode":"managed","type":"aws_acm_certificate_validation","name":"main","provider_config_key":"aws","expressions":{"certificate_arn":{"references":["aws_acm_certificate.main[0].arn","aws_acm_certificate.main[0]","aws_acm_certificate.main"]},"timeouts":{"create":{"constant_value":"5m"}},"validation_record_fqdns":{"references":["aws_route53_record.acm_validation"]}},"schema_version":0,"count_expression":{"references":["var.domain_name"]}},{"address":"aws_cloudwatch_dashboard.main","mode":"managed","type":"aws_cloudwatch_dashboard","name":"main","provider_config_key":"aws","expressions":{"dashboard_body":{"references":["aws_instance.app.id","aws_instance.app","aws_instance.app.id","aws_instance.app","aws_instance.app.id","aws_instance.app","var.aws_region","aws_lb.main.arn_suffix","aws_lb.main","aws_lb.main.arn_suffix","aws_lb.main","aws_lb.main.arn_suffix","aws_lb.main","aws_lb.main.arn_suffix","aws_lb.main","aws_lb.main.arn_suffix","aws_lb.main","var.aws_region"]},"dashboard_name":{"references":["var.project_name"]}},"schema_version":0},{"address":"aws_cloudwatch_log_group.app","mode":"managed","type":"aws_cloudwatch_log_group","name":"app","provider_config_key":"aws","expressions":{"name":{"references":["var.project_name"]},"retention_in_days":{"constant_value":30},"tags":{"references":["var.project_name"]}},"schema_version":0},{"address":"aws_cloudwatch_metric_alarm.alb_unhealthy_targets","mode":"managed","type":"aws_cloudwatch_metric_alarm","name":"alb_unhealthy_targets","provider_config_key":"aws","expressions":{"alarm_actions":{"constant_value":[]},"alarm_description":{"constant_value":"This metric monitors ALB unhealthy targets"},"alarm_name":{"references":["var.project_name"]},"comparison_operator":{"constant_value":"GreaterThanThreshold"},"dimensions":{"references":["aws_lb_target_group.app.arn_suffix","aws_lb_target_group.app","aws_lb.main.arn_suffix","aws_lb.main"]},"evaluation_periods":{"constant_value":"2"},"metric_name":{"constant_value":"UnHealthyHostCount"},"namespace":{"constant_value":"AWS/ApplicationELB"},"period":{"constant_value":"120"},"statistic":{"constant_value":"Average"},"tags":{"references":["var.project_name"]},"threshold":{"constant_value":"0"}},"schema_version":1},{"address":"aws_cloudwatch_metric_alarm.high_cpu","mode":"managed","type":"aws_cloudwatch_metric_alarm","name":"high_cpu","provider_config_key":"aws","expressions":{"alarm_actions":{"constant_value":[]},"alarm_description":{"constant_value":"This metric monitors ec2 cpu utilization"},"alarm_name":{"references":["var.project_name"]},"comparison_operator":{"constant_value":"GreaterThanThreshold"},"dimensions":{"references":["aws_instance.app.id","aws_instance.app"]},"evaluation_periods":{"constant_value":"2"},"metric_name":{"constant_value":"CPUUtilization"},"namespace":{"constant_value":"AWS/EC2"},"period":{"constant_value":"120"},"statistic":{"constant_value":"Average"},"tags":{"references":["var.project_name"]},"threshold":{"constant_value":"80"}},"schema_version":1},{"address":"aws_cloudwatch_metric_alarm.instance_status_check","mode":"managed","type":"aws_cloudwatch_metric_alarm","name":"instance_status_check","provider_config_key":"aws","expressions":{"alarm_actions":{"constant_value":[]},"alarm_description":{"constant_value":"This metric monitors ec2 instance status check"},"alarm_name":{"references":["var.project_name"]},"comparison_operator":{"constant_value":"GreaterThanThreshold"},"dimensions":{"references":["aws_instance.app.id","aws_instance.app"]},"evaluation_periods":{"constant_value":"2"},"metric_name":{"constant_value":"StatusCheckFailed_Instance"},"namespace":{"constant_value":"AWS/EC2"},"period":{"constant_value":"120"},"statistic":{"constant_value":"Maximum"},"tags":{"references":["var.project_name"]},"threshold":{"constant_value":"0"}},"schema_version":1},{"address":"aws_cloudwatch_metric_alarm.system_status_check","mode":"managed","type":"aws_cloudwatch_metric_alarm","name":"system_status_check","provider_config_key":"aws","expressions":{"alarm_actions":{"constant_value":[]},"alarm_description":{"constant_value":"This metric monitors ec2 system status check"},"alarm_name":{"references":["var.project_name"]},"comparison_operator":{"constant_value":"GreaterThanThreshold"},"dimensions":{"references":["aws_instance.app.id","aws_instance.app"]},"evaluation_periods":{"constant_value":"2"},"metric_name":{"constant_value":"StatusCheckFailed_System"},"namespace":{"constant_value":"AWS/EC2"},"period":{"constant_value":"120"},"statistic":{"constant_value":"Maximum"},"tags":{"references":["var.project_name"]},"threshold":{"constant_value":"0"}},"schema_version":1},{"address":"aws_eip.app","mode":"managed","type":"aws_eip","name":"app","provider_config_key":"aws","expressions":{"domain":{"constant_value":"vpc"},"instance":{"references":["aws_instance.app.id","aws_instance.app"]},"tags":{"references":["var.project_name"]}},"schema_version":0,"depends_on":["aws_internet_gateway.main"]},{"address":"aws_instance.app","mode":"managed","type":"aws_instance","name":"app","provider_config_key":"aws","expressions":{"ami":{"references":["data.aws_ami.ubuntu.id","data.aws_ami.ubuntu"]},"credit_specification":[{"cpu_credits":{"constant_value":"standard"}}],"instance_type":{"references":["var.instance_type"]},"key_name":{"references":["aws_key_pair.app_key.key_name","aws_key_pair.app_key"]},"metadata_options":[{"http_endpoint":{"constant_value":"enabled"},"http_put_response_hop_limit":{"constant_value":2},"http_tokens":{"constant_value":"required"}}],"monitoring":{"constant_value":true},"root_block_device":[{"delete_on_termination":{"constant_value":true},"encrypted":{"constant_value":true},"tags":{"references":["var.project_name"]},"volume_size":{"references":["var.root_volume_size"]},"volume_type":{"references":["var.root_volume_type"]}}],"subnet_id":{"references":["aws_subnet.public[0].id","aws_subnet.public[0]","aws_subnet.public"]},"tags":{"references":["var.project_name"]},"user_data":{"references":["path.module"]},"vpc_security_group_ids":{"references":["aws_security_group.ec2.id","aws_security_group.ec2"]}},"schema_version":1},{"address":"aws_internet_gateway.main","mode":"managed","type":"aws_internet_gateway","name":"main","provider_config_key":"aws","expressions":{"tags":{"references":["var.project_name"]},"vpc_id":{"references":["aws_vpc.main.id","aws_vpc.main"]}},"schema_version":0},{"address":"aws_key_pair.app_key","mode":"managed","type":"aws_key_pair","name":"app_key","provider_config_key":"aws","expressions":{"key_name":{"references":["var.project_name"]},"public_key":{"references":["var.public_key"]}},"schema_version":1},{"address":"aws_lb.main","mode":"managed","type":"aws_lb","name":"main","provider_config_key":"aws","expressions":{"enable_deletion_protection":{"constant_value":false},"internal":{"constant_value":false},"load_balancer_type":{"constant_value":"application"},"name":{"references":["var.project_name"]},"security_groups":{"references":["aws_security_group.alb.id","aws_security_group.alb"]},"subnets":{"references":["aws_subnet.public"]},"tags":{"references":["var.project_name"]}},"schema_version":0},{"address":"aws_lb_listener.http","mode":"managed","type":"aws_lb_listener","name":"http","provider_config_key":"aws","expressions":{"default_action":[{"redirect":[{"port":{"constant_value":"443"},"protocol":{"constant_value":"HTTPS"},"status_code":{"constant_value":"HTTP_301"}}],"type":{"constant_value":"redirect"}}],"load_balancer_arn":{"references":["aws_lb.main.arn","aws_lb.main"]},"port":{"constant_value":"80"},"protocol":{"constant_value":"HTTP"}},"schema_version":0},{"address":"aws_lb_listener.http_direct","mode":"managed","type":"aws_lb_listener","name":"http_direct","provider_config_key":"aws","expressions":{"default_action":[{"target_group_arn":{"references":["aws_lb_target_group.app.arn","aws_lb_target_group.app"]},"type":{"constant_value":"forward"}}],"load_balancer_arn":{"references":["aws_lb.main.arn","aws_lb.main"]},"port":{"constant_value":"80"},"protocol":{"constant_value":"HTTP"}},"schema_version":0,"count_expression":{"references":["var.domain_name"]}},{"address":"aws_lb_listener.https","mode":"managed","type":"aws_lb_listener","name":"https","provider_config_key":"aws","expressions":{"certificate_arn":{"references":["aws_acm_certificate.main[0].arn","aws_acm_certificate.main[0]","aws_acm_certificate.main"]},"default_action":[{"target_group_arn":{"references":["aws_lb_target_group.app.arn","aws_lb_target_group.app"]},"type":{"constant_value":"forward"}}],"load_balancer_arn":{"references":["aws_lb.main.arn","aws_lb.main"]},"port":{"constant_value":"443"},"protocol":{"constant_value":"HTTPS"},"ssl_policy":{"constant_value":"ELBSecurityPolicy-TLS-1-2-2017-01"}},"schema_version":0,"count_expression":{"references":["var.domain_name"]},"depends_on":["aws_acm_certificate_validation.main"]},{"address":"aws_lb_target_group.app","mode":"managed","type":"aws_lb_target_group","name":"app","provider_config_key":"aws","expressions":{"health_check":[{"enabled":{"constant_value":true},"healthy_threshold":{"references":["var.healthy_threshold"]},"interval":{"references":["var.health_check_interval"]},"matcher":{"constant_value":"200"},"path":{"references":["var.health_check_path"]},"port":{"constant_value":"traffic-port"},"protocol":{"constant_value":"HTTP"},"timeout":{"references":["var.health_check_timeout"]},"unhealthy_threshold":{"references":["var.unhealthy_threshold"]}}],"name":{"references":["var.project_name"]},"port":{"references":["var.app_port"]},"protocol":{"constant_value":"HTTP"},"tags":{"references":["var.project_name"]},"vpc_id":{"references":["aws_vpc.main.id","aws_vpc.main"]}},"schema_version":0},{"address":"aws_lb_target_group_attachment.app","mode":"managed","type":"aws_lb_target_group_attachment","name":"app","provider_config_key":"aws","expressions":{"port":{"references":["var.app_port"]},"target_group_arn":{"references":["aws_lb_target_group.app.arn","aws_lb_target_group.app"]},"target_id":{"references":["aws_instance.app.id","aws_instance.app"]}},"schema_version":0},{"address":"aws_route53_record.acm_validation","mode":"managed","type":"aws_route53_record","name":"acm_validation","provider_config_key":"aws","expressions":{"allow_overwrite":{"constant_value":true},"name":{"references":["each.value.name","each.value"]},"records":{"references":["each.value.record","each.value"]},"ttl":{"constant_value":60},"type":{"references":["each.value.type","each.value"]},"zone_id":{"references":["data.aws_route53_zone.main[0].zone_id","data.aws_route53_zone.main[0]","data.aws_route53_zone.main"]}},"schema_version":2,"for_each_expression":{"references":["var.domain_name","aws_acm_certificate.main[0].domain_validation_options","aws_acm_certificate.main[0]","aws_acm_certificate.main"]}},{"address":"aws_route53_record.app","mode":"managed","type":"aws_route53_record","name":"app","provider_config_key":"aws","expressions":{"alias":[{"evaluate_target_health":{"constant_value":true},"name":{"references":["aws_lb.main.dns_name","aws_lb.main"]},"zone_id":{"references":["aws_lb.main.zone_id","aws_lb.main"]}}],"name":{"references":["var.domain_name"]},"type":{"constant_value":"A"},"zone_id":{"references":["data.aws_route53_zone.main[0].zone_id","data.aws_route53_zone.main[0]","data.aws_route53_zone.main"]}},"schema_version":2,"count_expression":{"references":["var.domain_name"]}},{"address":"aws_route53_record.app_ipv6","mode":"managed","type":"aws_route53_record","name":"app_ipv6","provider_config_key":"aws","expressions":{"alias":[{"evaluate_target_health":{"constant_value":true},"name":{"references":["aws_lb.main.dns_name","aws_lb.main"]},"zone_id":{"references":["aws_lb.main.zone_id","aws_lb.main"]}}],"name":{"references":["var.domain_name"]},"type":{"constant_value":"AAAA"},"zone_id":{"references":["data.aws_route53_zone.main[0].zone_id","data.aws_route53_zone.main[0]","data.aws_route53_zone.main"]}},"schema_version":2,"count_expression":{"references":["var.domain_name"]}},{"address":"aws_route_table.public","mode":"managed","type":"aws_route_table","name":"public","provider_config_key":"aws","expressions":{"route":{"references":["aws_internet_gateway.main.id","aws_internet_gateway.main"]},"tags":{"references":["var.project_name"]},"vpc_id":{"references":["aws_vpc.main.id","aws_vpc.main"]}},"schema_version":0},{"address":"aws_route_table_association.public","mode":"managed","type":"aws_route_table_association","name":"public","provider_config_key":"aws","expressions":{"route_table_id":{"references":["aws_route_table.public.id","aws_route_table.public"]},"subnet_id":{"references":["aws_subnet.public","count.index"]}},"schema_version":0,"count_expression":{"references":["aws_subnet.public"]}},{"address":"aws_security_group.alb","mode":"managed","type":"aws_security_group","name":"alb","provider_config_key":"aws","expressions":{"description":{"constant_value":"Security group for Application Load Balancer"},"egress":{"constant_value":[{"cidr_blocks":["0.0.0.0/0"],"description":"All outbound traffic","from_port":0,"ipv6_cidr_blocks":null,"prefix_list_ids":null,"protocol":"-1","security_groups":null,"self":null,"to_port":0}]},"ingress":{"constant_value":[{"cidr_blocks":["0.0.0.0/0"],"description":"HTTP from internet","from_port":80,"ipv6_cidr_blocks":null,"prefix_list_ids":null,"protocol":"tcp","security_groups":null,"self":null,"to_port":80},{"cidr_blocks":["0.0.0.0/0"],"description":"HTTPS from internet","from_port":443,"ipv6_cidr_blocks":null,"prefix_list_ids":null,"protocol":"tcp","security_groups":null,"self":null,"to_port":443}]},"name":{"references":["var.project_name"]},"tags":{"references":["var.project_name"]},"vpc_id":{"references":["aws_vpc.main.id","aws_vpc.main"]}},"schema_version":1},{"address":"aws_security_group.ec2","mode":"managed","type":"aws_security_group","name":"ec2","provider_config_key":"aws","expressions":{"description":{"constant_value":"Security group for EC2 instance"},"egress":{"constant_value":[{"cidr_blocks":["0.0.0.0/0"],"description":"All outbound traffic","from_port":0,"ipv6_cidr_blocks":null,"prefix_list_ids":null,"protocol":"-1","security_groups":null,"self":null,"to_port":0}]},"ingress":{"references":["var.allowed_ssh_cidrs","aws_security_group.alb.id","aws_security_group.alb","var.app_port","var.app_port"]},"name":{"references":["var.project_name"]},"tags":{"references":["var.project_name"]},"vpc_id":{"references":["aws_vpc.main.id","aws_vpc.main"]}},"schema_version":1},{"address":"aws_security_group_rule.alb_to_ec2","mode":"managed","type":"aws_security_group_rule","name":"alb_to_ec2","provider_config_key":"aws","expressions":{"description":{"constant_value":"ALB to EC2 application port"},"from_port":{"references":["var.app_port"]},"protocol":{"constant_value":"tcp"},"security_group_id":{"references":["aws_security_group.alb.id","aws_security_group.alb"]},"source_security_group_id":{"references":["aws_security_group.ec2.id","aws_security_group.ec2"]},"to_port":{"references":["var.app_port"]},"type":{"constant_value":"egress"}},"schema_version":2},{"address":"aws_subnet.public","mode":"managed","type":"aws_subnet","name":"public","provider_config_key":"aws","expressions":{"availability_zone":{"references":["data.aws_availability_zones.available.names","data.aws_availability_zones.available","count.index"]},"cidr_block":{"references":["var.public_subnet_cidrs","count.index"]},"map_public_ip_on_launch":{"constant_value":true},"tags":{"references":["var.project_name","count.index"]},"vpc_id":{"references":["aws_vpc.main.id","aws_vpc.main"]}},"schema_version":1,"count_expression":{"references":["var.public_subnet_cidrs"]}},{"address":"aws_vpc.main","mode":"managed","type":"aws_vpc","name":"main","provider_config_key":"aws","expressions":{"cidr_block":{"references":["var.vpc_cidr"]},"enable_dns_hostnames":{"constant_value":true},"enable_dns_support":{"constant_value":true},"tags":{"references":["var.project_name"]}},"schema_version":1},{"address":"aws_vpc_endpoint.s3","mode":"managed","type":"aws_vpc_endpoint","name":"s3","provider_config_key":"aws","expressions":{"service_name":{"references":["var.aws_region"]},"tags":{"references":["var.project_name"]},"vpc_id":{"references":["aws_vpc.main.id","aws_vpc.main"]}},"schema_version":0},{"address":"aws_vpc_endpoint_route_table_association.s3","mode":"managed","type":"aws_vpc_endpoint_route_table_association","name":"s3","provider_config_key":"aws","expressions":{"route_table_id":{"references":["aws_route_table.public.id","aws_route_table.public"]},"vpc_endpoint_id":{"references":["aws_vpc_endpoint.s3.id","aws_vpc_endpoint.s3"]}},"schema_version":0},{"address":"data.aws_ami.ubuntu","mode":"data","type":"aws_ami","name":"ubuntu","provider_config_key":"aws","expressions":{"filter":[{"name":{"constant_value":"name"},"values":{"constant_value":["ubuntu/images/hvm-ssd/ubuntu-jammy-22.04-amd64-server-*"]}},{"name":{"constant_value":"virtualization-type"},"values":{"constant_value":["hvm"]}}],"most_recent":{"constant_value":true},"owners":{"constant_value":["099720109477"]}},"schema_version":0},{"address":"data.aws_availability_zones.available","mode":"data","type":"aws_availability_zones","name":"available","provider_config_key":"aws","expressions":{"state":{"constant_value":"available"}},"schema_version":0},{"address":"data.aws_route53_zone.main","mode":"data","type":"aws_route53_zone","name":"main","provider_config_key":"aws","expressions":{"name":{"references":["var.domain_name"]},"private_zone":{"constant_value":false}},"schema_version":0,"count_expression":{"references":["var.domain_name"]}}],"variables":{"allowed_ssh_cidrs":{"default":["0.0.0.0/0"],"description":"CIDR blocks allowed for SSH access"},"app_port":{"default":3000,"description":"Port the application runs on"},"aws_region":{"default":"us-east-1","description":"AWS region for resources"},"domain_name":{"default":"","description":"Domain name for SSL certificate"},"environment":{"default":"production","description":"Environment name"},"health_check_interval":{"default":30,"description":"Interval for health checks in seconds"},"health_check_path":{"default":"/health","description":"Path for ALB health checks"},"health_check_timeout":{"default":5,"description":"Timeout for health checks in seconds"},"healthy_threshold":{"default":2,"description":"Number of consecutive health checks to consider target healthy"},"instance_type":{"default":"t3.micro","description":"EC2 instance type"},"project_name":{"default":"git-commit-ai","description":"Project name for resource naming"},"public_key":{"description":"Public key for EC2 key pair"},"public_subnet_cidrs":{"default":["10.0.1.0/24","10.0.2.0/24"],"description":"CIDR blocks for public subnets"},"root_volume_size":{"default":20,"description":"Size of the root EBS volume in GB"},"root_volume_type":{"default":"gp3","description":"Type of the root EBS volume"},"unhealthy_threshold":{"default":3,"description":"Number of consecutive health checks to consider target unhealthy"},"vpc_cidr":{"default":"10.0.0.0/16","description":"CIDR block for VPC"}}}},"relevant_attributes":[{"resource":"aws_acm_certificate.main[0]","attribute":["domain_validation_options"]},{"resource":"aws_instance.app","attribute":["public_ip"]},{"resource":"aws_security_group.alb","attribute":["id"]},{"resource":"aws_route_table.public","attribute":["id"]},{"resource":"aws_lb.main","attribute":["arn_suffix"]},{"resource":"aws_security_group.ec2","attribute":["id"]},{"resource":"data.aws_ami.ubuntu","attribute":["id"]},{"resource":"aws_acm_certificate.main[0]","attribute":["arn"]},{"resource":"aws_route53_record.acm_validation","attribute":[]},{"resource":"aws_cloudwatch_log_group.app","attribute":["name"]},{"resource":"aws_instance.app","attribute":["id"]},{"resource":"aws_internet_gateway.main","attribute":["id"]},{"resource":"aws_lb.main","attribute":["dns_name"]},{"resource":"aws_lb.main","attribute":["zone_id"]},{"resource":"data.aws_route53_zone.main[0]","attribute":["zone_id"]},{"resource":"aws_instance.app","attribute":["private_ip"]},{"resource":"aws_lb_target_group.app","attribute":["arn"]},{"resource":"aws_key_pair.app_key","attribute":["key_name"]},{"resource":"data.aws_availability_zones.available","attribute":["names"]},{"resource":"aws_lb.main","attribute":["arn"]},{"resource":"aws_lb_target_group.app","attribute":["arn_suffix"]},{"resource":"aws_vpc_endpoint.s3","attribute":["id"]},{"resource":"aws_subnet.public","attribute":[]},{"resource":"aws_subnet.public[0]","attribute":["id"]},{"resource":"aws_vpc.main","attribute":["id"]}],"timestamp":"2025-07-07T02:48:00Z","applyable":true,"complete":true,"errored":false}
